// !$*UTF8*$!
{
	archiveVersion = 1;
	classes = {
	};
	objectVersion = 55;
	objects = {

/* Begin PBXBuildFile section */
		72FA393E273501B20013B093 /* AppDelegate.swift in Sources */ = {isa = PBXBuildFile; fileRef = 72FA393D273501B20013B093 /* AppDelegate.swift */; };
		72FA3940273501B20013B093 /* SceneDelegate.swift in Sources */ = {isa = PBXBuildFile; fileRef = 72FA393F273501B20013B093 /* SceneDelegate.swift */; };
		72FA3942273501B20013B093 /* ViewController.swift in Sources */ = {isa = PBXBuildFile; fileRef = 72FA3941273501B20013B093 /* ViewController.swift */; };
		72FA3945273501B20013B093 /* Main.storyboard in Resources */ = {isa = PBXBuildFile; fileRef = 72FA3943273501B20013B093 /* Main.storyboard */; };
		72FA3947273501B40013B093 /* Assets.xcassets in Resources */ = {isa = PBXBuildFile; fileRef = 72FA3946273501B40013B093 /* Assets.xcassets */; };
		72FA394A273501B40013B093 /* LaunchScreen.storyboard in Resources */ = {isa = PBXBuildFile; fileRef = 72FA3948273501B40013B093 /* LaunchScreen.storyboard */; };
		72FA3955273501B40013B093 /* WordsFactoryTests.swift in Sources */ = {isa = PBXBuildFile; fileRef = 72FA3954273501B40013B093 /* WordsFactoryTests.swift */; };
		72FA395F273501B40013B093 /* WordsFactoryUITests.swift in Sources */ = {isa = PBXBuildFile; fileRef = 72FA395E273501B40013B093 /* WordsFactoryUITests.swift */; };
		72FA3961273501B40013B093 /* WordsFactoryUITestsLaunchTests.swift in Sources */ = {isa = PBXBuildFile; fileRef = 72FA3960273501B40013B093 /* WordsFactoryUITestsLaunchTests.swift */; };
		72FA396F273501E70013B093 /* Alamofire in Frameworks */ = {isa = PBXBuildFile; productRef = 72FA396E273501E70013B093 /* Alamofire */; };
		72FA3972273502120013B093 /* PromiseKit in Frameworks */ = {isa = PBXBuildFile; productRef = 72FA3971273502120013B093 /* PromiseKit */; };
		72FA3975273502220013B093 /* Kingfisher in Frameworks */ = {isa = PBXBuildFile; productRef = 72FA3974273502220013B093 /* Kingfisher */; };
		72FA3978273502300013B093 /* SnapKit in Frameworks */ = {isa = PBXBuildFile; productRef = 72FA3977273502300013B093 /* SnapKit */; };
		72FA397B273502460013B093 /* Charts in Frameworks */ = {isa = PBXBuildFile; productRef = 72FA397A273502460013B093 /* Charts */; };
		72FA397E2735025A0013B093 /* MBProgressHUD in Frameworks */ = {isa = PBXBuildFile; productRef = 72FA397D2735025A0013B093 /* MBProgressHUD */; };
		72FA3981273502690013B093 /* TPKeyboardAvoiding in Frameworks */ = {isa = PBXBuildFile; productRef = 72FA3980273502690013B093 /* TPKeyboardAvoiding */; };
		72FA39882735140E0013B093 /* Rubik-Bold.ttf in Resources */ = {isa = PBXBuildFile; fileRef = 72FA39852735140E0013B093 /* Rubik-Bold.ttf */; };
		72FA39892735140E0013B093 /* Rubik-Medium.ttf in Resources */ = {isa = PBXBuildFile; fileRef = 72FA39862735140E0013B093 /* Rubik-Medium.ttf */; };
		72FA398A2735140E0013B093 /* Rubik-Regular.ttf in Resources */ = {isa = PBXBuildFile; fileRef = 72FA39872735140E0013B093 /* Rubik-Regular.ttf */; };
		72FA398C273514350013B093 /* Fonts.swift in Sources */ = {isa = PBXBuildFile; fileRef = 72FA398B273514350013B093 /* Fonts.swift */; };
		72FA3990273514CD0013B093 /* DictionaryViewController.swift in Sources */ = {isa = PBXBuildFile; fileRef = 72FA398F273514CD0013B093 /* DictionaryViewController.swift */; };
		72FA3992273514D70013B093 /* DictionaryViewModel.swift in Sources */ = {isa = PBXBuildFile; fileRef = 72FA3991273514D70013B093 /* DictionaryViewModel.swift */; };
		72FA3994273514E90013B093 /* BaseViewController.swift in Sources */ = {isa = PBXBuildFile; fileRef = 72FA3993273514E90013B093 /* BaseViewController.swift */; };
		72FA39962735151D0013B093 /* DictPlaceholderView.swift in Sources */ = {isa = PBXBuildFile; fileRef = 72FA39952735151D0013B093 /* DictPlaceholderView.swift */; };
		72FA3998273515B70013B093 /* Colors.swift in Sources */ = {isa = PBXBuildFile; fileRef = 72FA3997273515B70013B093 /* Colors.swift */; };
		72FA399A273516FD0013B093 /* TextField.swift in Sources */ = {isa = PBXBuildFile; fileRef = 72FA3999273516FD0013B093 /* TextField.swift */; };
		72FA399D273518C20013B093 /* DictionaryServiceProxy.swift in Sources */ = {isa = PBXBuildFile; fileRef = 72FA399C273518C20013B093 /* DictionaryServiceProxy.swift */; };
		72FA399F273518F40013B093 /* DictionaryRemoteServiceSingletone.swift in Sources */ = {isa = PBXBuildFile; fileRef = 72FA399E273518F40013B093 /* DictionaryRemoteServiceSingletone.swift */; };
		72FA39A1273519010013B093 /* DictionaryLocalServiceSingletone.swift in Sources */ = {isa = PBXBuildFile; fileRef = 72FA39A0273519010013B093 /* DictionaryLocalServiceSingletone.swift */; };
		72FA39A4273519490013B093 /* Word.swift in Sources */ = {isa = PBXBuildFile; fileRef = 72FA39A3273519490013B093 /* Word.swift */; };
		72FA39A62735219C0013B093 /* MeaningView.swift in Sources */ = {isa = PBXBuildFile; fileRef = 72FA39A52735219C0013B093 /* MeaningView.swift */; };
		72FA39AB273522520013B093 /* MeaningViewModel.swift in Sources */ = {isa = PBXBuildFile; fileRef = 72FA39AA273522520013B093 /* MeaningViewModel.swift */; };
		72FA39AD273524AD0013B093 /* CommonButton.swift in Sources */ = {isa = PBXBuildFile; fileRef = 72FA39AC273524AD0013B093 /* CommonButton.swift */; };
		72FA39AF2735284E0013B093 /* TabBarView.swift in Sources */ = {isa = PBXBuildFile; fileRef = 72FA39AE2735284E0013B093 /* TabBarView.swift */; };
		72FA39B227352CB40013B093 /* TabBarItemView.swift in Sources */ = {isa = PBXBuildFile; fileRef = 72FA39B127352CB40013B093 /* TabBarItemView.swift */; };
		72FA39B427352D970013B093 /* TabType.swift in Sources */ = {isa = PBXBuildFile; fileRef = 72FA39B327352D970013B093 /* TabType.swift */; };
		72FA39B627352E780013B093 /* TabBarFactory.swift in Sources */ = {isa = PBXBuildFile; fileRef = 72FA39B527352E780013B093 /* TabBarFactory.swift */; };
		72FA39B927352FDE0013B093 /* VideoViewController.swift in Sources */ = {isa = PBXBuildFile; fileRef = 72FA39B827352FDE0013B093 /* VideoViewController.swift */; };
		72FA39BD273530D20013B093 /* VideoViewModel.swift in Sources */ = {isa = PBXBuildFile; fileRef = 72FA39BC273530D20013B093 /* VideoViewModel.swift */; };
		72FA39C12735375B0013B093 /* OnboardingViewController.swift in Sources */ = {isa = PBXBuildFile; fileRef = 72FA39C02735375B0013B093 /* OnboardingViewController.swift */; };
		72FA39C3273537A90013B093 /* OnboadingPageView.swift in Sources */ = {isa = PBXBuildFile; fileRef = 72FA39C2273537A90013B093 /* OnboadingPageView.swift */; };
		72FA39C6273539440013B093 /* OnboadingPageViewModel.swift in Sources */ = {isa = PBXBuildFile; fileRef = 72FA39C5273539440013B093 /* OnboadingPageViewModel.swift */; };
		72FA39C82735398E0013B093 /* OnboardingViewModel.swift in Sources */ = {isa = PBXBuildFile; fileRef = 72FA39C72735398E0013B093 /* OnboardingViewModel.swift */; };
		72FA39CA27353AF90013B093 /* OnboardingPagesFactory.swift in Sources */ = {isa = PBXBuildFile; fileRef = 72FA39C927353AF80013B093 /* OnboardingPagesFactory.swift */; };
		72FA39CC27353BCC0013B093 /* OnboardingPageType.swift in Sources */ = {isa = PBXBuildFile; fileRef = 72FA39CB27353BCC0013B093 /* OnboardingPageType.swift */; };
		72FA39CF273540040013B093 /* SignUpViewController.swift in Sources */ = {isa = PBXBuildFile; fileRef = 72FA39CE273540040013B093 /* SignUpViewController.swift */; };
		72FA39D2273554F60013B093 /* TrainingViewController.swift in Sources */ = {isa = PBXBuildFile; fileRef = 72FA39D1273554F60013B093 /* TrainingViewController.swift */; };
		72FA39D6273555BD0013B093 /* TrainingViewModel.swift in Sources */ = {isa = PBXBuildFile; fileRef = 72FA39D5273555BD0013B093 /* TrainingViewModel.swift */; };
		72FA39D8273557E10013B093 /* TestViewController.swift in Sources */ = {isa = PBXBuildFile; fileRef = 72FA39D7273557E10013B093 /* TestViewController.swift */; };
		72FA39DA273559640013B093 /* TestViewModel.swift in Sources */ = {isa = PBXBuildFile; fileRef = 72FA39D9273559640013B093 /* TestViewModel.swift */; };
		72FA39DC273559860013B093 /* Rate.swift in Sources */ = {isa = PBXBuildFile; fileRef = 72FA39DB273559860013B093 /* Rate.swift */; };
		72FA39DE27355CE30013B093 /* WordButton.swift in Sources */ = {isa = PBXBuildFile; fileRef = 72FA39DD27355CE30013B093 /* WordButton.swift */; };
		72FA39E0273565B30013B093 /* FinishViewController.swift in Sources */ = {isa = PBXBuildFile; fileRef = 72FA39DF273565B30013B093 /* FinishViewController.swift */; };
		72FA39E827356E1A0013B093 /* WidgetKit.framework in Frameworks */ = {isa = PBXBuildFile; fileRef = 72FA39E727356E1A0013B093 /* WidgetKit.framework */; };
		72FA39EA27356E1A0013B093 /* SwiftUI.framework in Frameworks */ = {isa = PBXBuildFile; fileRef = 72FA39E927356E1A0013B093 /* SwiftUI.framework */; };
		72FA39ED27356E1A0013B093 /* WordsWidget.swift in Sources */ = {isa = PBXBuildFile; fileRef = 72FA39EC27356E1A0013B093 /* WordsWidget.swift */; };
		72FA39F027356E1D0013B093 /* Assets.xcassets in Resources */ = {isa = PBXBuildFile; fileRef = 72FA39EF27356E1D0013B093 /* Assets.xcassets */; };
		72FA39F227356E1D0013B093 /* WordsWidget.intentdefinition in Sources */ = {isa = PBXBuildFile; fileRef = 72FA39EE27356E1A0013B093 /* WordsWidget.intentdefinition */; };
		72FA39F327356E1D0013B093 /* WordsWidget.intentdefinition in Sources */ = {isa = PBXBuildFile; fileRef = 72FA39EE27356E1A0013B093 /* WordsWidget.intentdefinition */; };
		72FA39F627356E1D0013B093 /* WordsWidgetExtension.appex in Embed App Extensions */ = {isa = PBXBuildFile; fileRef = 72FA39E527356E1A0013B093 /* WordsWidgetExtension.appex */; settings = {ATTRIBUTES = (RemoveHeadersOnCopy, ); }; };
		72FA3A01273570970013B093 /* Rubik-Regular.ttf in Resources */ = {isa = PBXBuildFile; fileRef = 72FA39FE273570970013B093 /* Rubik-Regular.ttf */; };
		72FA3A02273570970013B093 /* Rubik-Bold.ttf in Resources */ = {isa = PBXBuildFile; fileRef = 72FA39FF273570970013B093 /* Rubik-Bold.ttf */; };
		72FA3A03273570970013B093 /* Rubik-Medium.ttf in Resources */ = {isa = PBXBuildFile; fileRef = 72FA3A00273570970013B093 /* Rubik-Medium.ttf */; };
		72FA3A092735740B0013B093 /* Assets.xcassets in Resources */ = {isa = PBXBuildFile; fileRef = 72FA3A082735740B0013B093 /* Assets.xcassets */; };
		72FA3A0F2735740B0013B093 /* WordsWatch WatchKit Extension.appex in Embed App Extensions */ = {isa = PBXBuildFile; fileRef = 72FA3A0E2735740B0013B093 /* WordsWatch WatchKit Extension.appex */; settings = {ATTRIBUTES = (RemoveHeadersOnCopy, ); }; };
		72FA3A142735740B0013B093 /* WordsFactoryApp.swift in Sources */ = {isa = PBXBuildFile; fileRef = 72FA3A132735740B0013B093 /* WordsFactoryApp.swift */; };
		72FA3A162735740B0013B093 /* ContentView.swift in Sources */ = {isa = PBXBuildFile; fileRef = 72FA3A152735740B0013B093 /* ContentView.swift */; };
		72FA3A182735740B0013B093 /* NotificationController.swift in Sources */ = {isa = PBXBuildFile; fileRef = 72FA3A172735740B0013B093 /* NotificationController.swift */; };
		72FA3A1A2735740B0013B093 /* NotificationView.swift in Sources */ = {isa = PBXBuildFile; fileRef = 72FA3A192735740B0013B093 /* NotificationView.swift */; };
		72FA3A1C2735740B0013B093 /* ComplicationController.swift in Sources */ = {isa = PBXBuildFile; fileRef = 72FA3A1B2735740B0013B093 /* ComplicationController.swift */; };
		72FA3A1E2735740C0013B093 /* Assets.xcassets in Resources */ = {isa = PBXBuildFile; fileRef = 72FA3A1D2735740C0013B093 /* Assets.xcassets */; };
		72FA3A212735740C0013B093 /* Preview Assets.xcassets in Resources */ = {isa = PBXBuildFile; fileRef = 72FA3A202735740C0013B093 /* Preview Assets.xcassets */; };
		72FA3A2D2735740C0013B093 /* WordsWatchTests.swift in Sources */ = {isa = PBXBuildFile; fileRef = 72FA3A2C2735740C0013B093 /* WordsWatchTests.swift */; };
		72FA3A372735740C0013B093 /* WordsWatchUITests.swift in Sources */ = {isa = PBXBuildFile; fileRef = 72FA3A362735740C0013B093 /* WordsWatchUITests.swift */; };
		72FA3A392735740C0013B093 /* WordsWatchUITestsLaunchTests.swift in Sources */ = {isa = PBXBuildFile; fileRef = 72FA3A382735740C0013B093 /* WordsWatchUITestsLaunchTests.swift */; };
		72FA3A3C2735740C0013B093 /* WordsWatch.app in Embed Watch Content */ = {isa = PBXBuildFile; fileRef = 72FA3A06273574080013B093 /* WordsWatch.app */; settings = {ATTRIBUTES = (RemoveHeadersOnCopy, ); }; };
		72FA3A4F273574660013B093 /* Rubik-Regular.ttf in Resources */ = {isa = PBXBuildFile; fileRef = 72FA3A4C273574660013B093 /* Rubik-Regular.ttf */; };
		72FA3A50273574660013B093 /* Rubik-Bold.ttf in Resources */ = {isa = PBXBuildFile; fileRef = 72FA3A4D273574660013B093 /* Rubik-Bold.ttf */; };
		72FA3A51273574660013B093 /* Rubik-Medium.ttf in Resources */ = {isa = PBXBuildFile; fileRef = 72FA3A4E273574660013B093 /* Rubik-Medium.ttf */; };
		72FA3A5227357B210013B093 /* Word.swift in Sources */ = {isa = PBXBuildFile; fileRef = 72FA39A3273519490013B093 /* Word.swift */; };
/* End PBXBuildFile section */

/* Begin PBXContainerItemProxy section */
		72FA3951273501B40013B093 /* PBXContainerItemProxy */ = {
			isa = PBXContainerItemProxy;
			containerPortal = 72FA3932273501B20013B093 /* Project object */;
			proxyType = 1;
			remoteGlobalIDString = 72FA3939273501B20013B093;
			remoteInfo = WordsFactory;
		};
		72FA395B273501B40013B093 /* PBXContainerItemProxy */ = {
			isa = PBXContainerItemProxy;
			containerPortal = 72FA3932273501B20013B093 /* Project object */;
			proxyType = 1;
			remoteGlobalIDString = 72FA3939273501B20013B093;
			remoteInfo = WordsFactory;
		};
		72FA39F427356E1D0013B093 /* PBXContainerItemProxy */ = {
			isa = PBXContainerItemProxy;
			containerPortal = 72FA3932273501B20013B093 /* Project object */;
			proxyType = 1;
			remoteGlobalIDString = 72FA39E427356E1A0013B093;
			remoteInfo = WordsWidgetExtension;
		};
		72FA3A102735740B0013B093 /* PBXContainerItemProxy */ = {
			isa = PBXContainerItemProxy;
			containerPortal = 72FA3932273501B20013B093 /* Project object */;
			proxyType = 1;
			remoteGlobalIDString = 72FA3A0D2735740B0013B093;
			remoteInfo = "WordsWatch WatchKit Extension";
		};
		72FA3A292735740C0013B093 /* PBXContainerItemProxy */ = {
			isa = PBXContainerItemProxy;
			containerPortal = 72FA3932273501B20013B093 /* Project object */;
			proxyType = 1;
			remoteGlobalIDString = 72FA3A0D2735740B0013B093;
			remoteInfo = "WordsWatch WatchKit Extension";
		};
		72FA3A332735740C0013B093 /* PBXContainerItemProxy */ = {
			isa = PBXContainerItemProxy;
			containerPortal = 72FA3932273501B20013B093 /* Project object */;
			proxyType = 1;
			remoteGlobalIDString = 72FA3A05273574080013B093;
			remoteInfo = WordsWatch;
		};
		72FA3A3A2735740C0013B093 /* PBXContainerItemProxy */ = {
			isa = PBXContainerItemProxy;
			containerPortal = 72FA3932273501B20013B093 /* Project object */;
			proxyType = 1;
			remoteGlobalIDString = 72FA3A05273574080013B093;
			remoteInfo = WordsWatch;
		};
/* End PBXContainerItemProxy section */

/* Begin PBXCopyFilesBuildPhase section */
		72FA39FA27356E1D0013B093 /* Embed App Extensions */ = {
			isa = PBXCopyFilesBuildPhase;
			buildActionMask = 2147483647;
			dstPath = "";
			dstSubfolderSpec = 13;
			files = (
				72FA39F627356E1D0013B093 /* WordsWidgetExtension.appex in Embed App Extensions */,
			);
			name = "Embed App Extensions";
			runOnlyForDeploymentPostprocessing = 0;
		};
		72FA3A402735740C0013B093 /* Embed App Extensions */ = {
			isa = PBXCopyFilesBuildPhase;
			buildActionMask = 2147483647;
			dstPath = "";
			dstSubfolderSpec = 13;
			files = (
				72FA3A0F2735740B0013B093 /* WordsWatch WatchKit Extension.appex in Embed App Extensions */,
			);
			name = "Embed App Extensions";
			runOnlyForDeploymentPostprocessing = 0;
		};
		72FA3A442735740C0013B093 /* Embed Watch Content */ = {
			isa = PBXCopyFilesBuildPhase;
			buildActionMask = 2147483647;
			dstPath = "$(CONTENTS_FOLDER_PATH)/Watch";
			dstSubfolderSpec = 16;
			files = (
				72FA3A3C2735740C0013B093 /* WordsWatch.app in Embed Watch Content */,
			);
			name = "Embed Watch Content";
			runOnlyForDeploymentPostprocessing = 0;
		};
/* End PBXCopyFilesBuildPhase section */

/* Begin PBXFileReference section */
		72FA393A273501B20013B093 /* WordsFactory.app */ = {isa = PBXFileReference; explicitFileType = wrapper.application; includeInIndex = 0; path = WordsFactory.app; sourceTree = BUILT_PRODUCTS_DIR; };
		72FA393D273501B20013B093 /* AppDelegate.swift */ = {isa = PBXFileReference; lastKnownFileType = sourcecode.swift; path = AppDelegate.swift; sourceTree = "<group>"; };
		72FA393F273501B20013B093 /* SceneDelegate.swift */ = {isa = PBXFileReference; lastKnownFileType = sourcecode.swift; path = SceneDelegate.swift; sourceTree = "<group>"; };
		72FA3941273501B20013B093 /* ViewController.swift */ = {isa = PBXFileReference; lastKnownFileType = sourcecode.swift; path = ViewController.swift; sourceTree = "<group>"; };
		72FA3944273501B20013B093 /* Base */ = {isa = PBXFileReference; lastKnownFileType = file.storyboard; name = Base; path = Base.lproj/Main.storyboard; sourceTree = "<group>"; };
		72FA3946273501B40013B093 /* Assets.xcassets */ = {isa = PBXFileReference; lastKnownFileType = folder.assetcatalog; path = Assets.xcassets; sourceTree = "<group>"; };
		72FA3949273501B40013B093 /* Base */ = {isa = PBXFileReference; lastKnownFileType = file.storyboard; name = Base; path = Base.lproj/LaunchScreen.storyboard; sourceTree = "<group>"; };
		72FA394B273501B40013B093 /* Info.plist */ = {isa = PBXFileReference; lastKnownFileType = text.plist.xml; path = Info.plist; sourceTree = "<group>"; };
		72FA3950273501B40013B093 /* WordsFactoryTests.xctest */ = {isa = PBXFileReference; explicitFileType = wrapper.cfbundle; includeInIndex = 0; path = WordsFactoryTests.xctest; sourceTree = BUILT_PRODUCTS_DIR; };
		72FA3954273501B40013B093 /* WordsFactoryTests.swift */ = {isa = PBXFileReference; lastKnownFileType = sourcecode.swift; path = WordsFactoryTests.swift; sourceTree = "<group>"; };
		72FA395A273501B40013B093 /* WordsFactoryUITests.xctest */ = {isa = PBXFileReference; explicitFileType = wrapper.cfbundle; includeInIndex = 0; path = WordsFactoryUITests.xctest; sourceTree = BUILT_PRODUCTS_DIR; };
		72FA395E273501B40013B093 /* WordsFactoryUITests.swift */ = {isa = PBXFileReference; lastKnownFileType = sourcecode.swift; path = WordsFactoryUITests.swift; sourceTree = "<group>"; };
		72FA3960273501B40013B093 /* WordsFactoryUITestsLaunchTests.swift */ = {isa = PBXFileReference; lastKnownFileType = sourcecode.swift; path = WordsFactoryUITestsLaunchTests.swift; sourceTree = "<group>"; };
		72FA39852735140E0013B093 /* Rubik-Bold.ttf */ = {isa = PBXFileReference; lastKnownFileType = file; path = "Rubik-Bold.ttf"; sourceTree = "<group>"; };
		72FA39862735140E0013B093 /* Rubik-Medium.ttf */ = {isa = PBXFileReference; lastKnownFileType = file; path = "Rubik-Medium.ttf"; sourceTree = "<group>"; };
		72FA39872735140E0013B093 /* Rubik-Regular.ttf */ = {isa = PBXFileReference; lastKnownFileType = file; path = "Rubik-Regular.ttf"; sourceTree = "<group>"; };
		72FA398B273514350013B093 /* Fonts.swift */ = {isa = PBXFileReference; lastKnownFileType = sourcecode.swift; path = Fonts.swift; sourceTree = "<group>"; };
		72FA398F273514CD0013B093 /* DictionaryViewController.swift */ = {isa = PBXFileReference; lastKnownFileType = sourcecode.swift; path = DictionaryViewController.swift; sourceTree = "<group>"; };
		72FA3991273514D70013B093 /* DictionaryViewModel.swift */ = {isa = PBXFileReference; lastKnownFileType = sourcecode.swift; path = DictionaryViewModel.swift; sourceTree = "<group>"; };
		72FA3993273514E90013B093 /* BaseViewController.swift */ = {isa = PBXFileReference; lastKnownFileType = sourcecode.swift; path = BaseViewController.swift; sourceTree = "<group>"; };
		72FA39952735151D0013B093 /* DictPlaceholderView.swift */ = {isa = PBXFileReference; lastKnownFileType = sourcecode.swift; path = DictPlaceholderView.swift; sourceTree = "<group>"; };
		72FA3997273515B70013B093 /* Colors.swift */ = {isa = PBXFileReference; lastKnownFileType = sourcecode.swift; path = Colors.swift; sourceTree = "<group>"; };
		72FA3999273516FD0013B093 /* TextField.swift */ = {isa = PBXFileReference; lastKnownFileType = sourcecode.swift; path = TextField.swift; sourceTree = "<group>"; };
		72FA399C273518C20013B093 /* DictionaryServiceProxy.swift */ = {isa = PBXFileReference; lastKnownFileType = sourcecode.swift; path = DictionaryServiceProxy.swift; sourceTree = "<group>"; };
		72FA399E273518F40013B093 /* DictionaryRemoteServiceSingletone.swift */ = {isa = PBXFileReference; lastKnownFileType = sourcecode.swift; path = DictionaryRemoteServiceSingletone.swift; sourceTree = "<group>"; };
		72FA39A0273519010013B093 /* DictionaryLocalServiceSingletone.swift */ = {isa = PBXFileReference; lastKnownFileType = sourcecode.swift; path = DictionaryLocalServiceSingletone.swift; sourceTree = "<group>"; };
		72FA39A3273519490013B093 /* Word.swift */ = {isa = PBXFileReference; lastKnownFileType = sourcecode.swift; path = Word.swift; sourceTree = "<group>"; };
		72FA39A52735219C0013B093 /* MeaningView.swift */ = {isa = PBXFileReference; lastKnownFileType = sourcecode.swift; path = MeaningView.swift; sourceTree = "<group>"; };
		72FA39AA273522520013B093 /* MeaningViewModel.swift */ = {isa = PBXFileReference; lastKnownFileType = sourcecode.swift; path = MeaningViewModel.swift; sourceTree = "<group>"; };
		72FA39AC273524AD0013B093 /* CommonButton.swift */ = {isa = PBXFileReference; lastKnownFileType = sourcecode.swift; path = CommonButton.swift; sourceTree = "<group>"; };
		72FA39AE2735284E0013B093 /* TabBarView.swift */ = {isa = PBXFileReference; lastKnownFileType = sourcecode.swift; path = TabBarView.swift; sourceTree = "<group>"; };
		72FA39B127352CB40013B093 /* TabBarItemView.swift */ = {isa = PBXFileReference; lastKnownFileType = sourcecode.swift; path = TabBarItemView.swift; sourceTree = "<group>"; };
		72FA39B327352D970013B093 /* TabType.swift */ = {isa = PBXFileReference; lastKnownFileType = sourcecode.swift; path = TabType.swift; sourceTree = "<group>"; };
		72FA39B527352E780013B093 /* TabBarFactory.swift */ = {isa = PBXFileReference; lastKnownFileType = sourcecode.swift; path = TabBarFactory.swift; sourceTree = "<group>"; };
		72FA39B827352FDE0013B093 /* VideoViewController.swift */ = {isa = PBXFileReference; lastKnownFileType = sourcecode.swift; path = VideoViewController.swift; sourceTree = "<group>"; };
		72FA39BC273530D20013B093 /* VideoViewModel.swift */ = {isa = PBXFileReference; lastKnownFileType = sourcecode.swift; path = VideoViewModel.swift; sourceTree = "<group>"; };
		72FA39C02735375B0013B093 /* OnboardingViewController.swift */ = {isa = PBXFileReference; lastKnownFileType = sourcecode.swift; path = OnboardingViewController.swift; sourceTree = "<group>"; };
		72FA39C2273537A90013B093 /* OnboadingPageView.swift */ = {isa = PBXFileReference; lastKnownFileType = sourcecode.swift; path = OnboadingPageView.swift; sourceTree = "<group>"; };
		72FA39C5273539440013B093 /* OnboadingPageViewModel.swift */ = {isa = PBXFileReference; lastKnownFileType = sourcecode.swift; path = OnboadingPageViewModel.swift; sourceTree = "<group>"; };
		72FA39C72735398E0013B093 /* OnboardingViewModel.swift */ = {isa = PBXFileReference; lastKnownFileType = sourcecode.swift; path = OnboardingViewModel.swift; sourceTree = "<group>"; };
		72FA39C927353AF80013B093 /* OnboardingPagesFactory.swift */ = {isa = PBXFileReference; lastKnownFileType = sourcecode.swift; path = OnboardingPagesFactory.swift; sourceTree = "<group>"; };
		72FA39CB27353BCC0013B093 /* OnboardingPageType.swift */ = {isa = PBXFileReference; lastKnownFileType = sourcecode.swift; path = OnboardingPageType.swift; sourceTree = "<group>"; };
		72FA39CE273540040013B093 /* SignUpViewController.swift */ = {isa = PBXFileReference; lastKnownFileType = sourcecode.swift; path = SignUpViewController.swift; sourceTree = "<group>"; };
		72FA39D1273554F60013B093 /* TrainingViewController.swift */ = {isa = PBXFileReference; lastKnownFileType = sourcecode.swift; path = TrainingViewController.swift; sourceTree = "<group>"; };
		72FA39D5273555BD0013B093 /* TrainingViewModel.swift */ = {isa = PBXFileReference; lastKnownFileType = sourcecode.swift; path = TrainingViewModel.swift; sourceTree = "<group>"; };
		72FA39D7273557E10013B093 /* TestViewController.swift */ = {isa = PBXFileReference; lastKnownFileType = sourcecode.swift; path = TestViewController.swift; sourceTree = "<group>"; };
		72FA39D9273559640013B093 /* TestViewModel.swift */ = {isa = PBXFileReference; lastKnownFileType = sourcecode.swift; path = TestViewModel.swift; sourceTree = "<group>"; };
		72FA39DB273559860013B093 /* Rate.swift */ = {isa = PBXFileReference; lastKnownFileType = sourcecode.swift; path = Rate.swift; sourceTree = "<group>"; };
		72FA39DD27355CE30013B093 /* WordButton.swift */ = {isa = PBXFileReference; lastKnownFileType = sourcecode.swift; path = WordButton.swift; sourceTree = "<group>"; };
		72FA39DF273565B30013B093 /* FinishViewController.swift */ = {isa = PBXFileReference; lastKnownFileType = sourcecode.swift; path = FinishViewController.swift; sourceTree = "<group>"; };
		72FA39E527356E1A0013B093 /* WordsWidgetExtension.appex */ = {isa = PBXFileReference; explicitFileType = "wrapper.app-extension"; includeInIndex = 0; path = WordsWidgetExtension.appex; sourceTree = BUILT_PRODUCTS_DIR; };
		72FA39E727356E1A0013B093 /* WidgetKit.framework */ = {isa = PBXFileReference; lastKnownFileType = wrapper.framework; name = WidgetKit.framework; path = System/Library/Frameworks/WidgetKit.framework; sourceTree = SDKROOT; };
		72FA39E927356E1A0013B093 /* SwiftUI.framework */ = {isa = PBXFileReference; lastKnownFileType = wrapper.framework; name = SwiftUI.framework; path = System/Library/Frameworks/SwiftUI.framework; sourceTree = SDKROOT; };
		72FA39EC27356E1A0013B093 /* WordsWidget.swift */ = {isa = PBXFileReference; lastKnownFileType = sourcecode.swift; path = WordsWidget.swift; sourceTree = "<group>"; };
		72FA39EE27356E1A0013B093 /* WordsWidget.intentdefinition */ = {isa = PBXFileReference; lastKnownFileType = file.intentdefinition; path = WordsWidget.intentdefinition; sourceTree = "<group>"; };
		72FA39EF27356E1D0013B093 /* Assets.xcassets */ = {isa = PBXFileReference; lastKnownFileType = folder.assetcatalog; path = Assets.xcassets; sourceTree = "<group>"; };
		72FA39F127356E1D0013B093 /* Info.plist */ = {isa = PBXFileReference; lastKnownFileType = text.plist.xml; path = Info.plist; sourceTree = "<group>"; };
		72FA39FB27356E2B0013B093 /* WordsFactory.entitlements */ = {isa = PBXFileReference; lastKnownFileType = text.plist.entitlements; path = WordsFactory.entitlements; sourceTree = "<group>"; };
		72FA39FC27356E3C0013B093 /* WordsWidgetExtension.entitlements */ = {isa = PBXFileReference; lastKnownFileType = text.plist.entitlements; path = WordsWidgetExtension.entitlements; sourceTree = "<group>"; };
		72FA39FE273570970013B093 /* Rubik-Regular.ttf */ = {isa = PBXFileReference; lastKnownFileType = file; path = "Rubik-Regular.ttf"; sourceTree = "<group>"; };
		72FA39FF273570970013B093 /* Rubik-Bold.ttf */ = {isa = PBXFileReference; lastKnownFileType = file; path = "Rubik-Bold.ttf"; sourceTree = "<group>"; };
		72FA3A00273570970013B093 /* Rubik-Medium.ttf */ = {isa = PBXFileReference; lastKnownFileType = file; path = "Rubik-Medium.ttf"; sourceTree = "<group>"; };
		72FA3A06273574080013B093 /* WordsWatch.app */ = {isa = PBXFileReference; explicitFileType = wrapper.application; includeInIndex = 0; path = WordsWatch.app; sourceTree = BUILT_PRODUCTS_DIR; };
		72FA3A082735740B0013B093 /* Assets.xcassets */ = {isa = PBXFileReference; lastKnownFileType = folder.assetcatalog; path = Assets.xcassets; sourceTree = "<group>"; };
		72FA3A0E2735740B0013B093 /* WordsWatch WatchKit Extension.appex */ = {isa = PBXFileReference; explicitFileType = "wrapper.app-extension"; includeInIndex = 0; path = "WordsWatch WatchKit Extension.appex"; sourceTree = BUILT_PRODUCTS_DIR; };
		72FA3A132735740B0013B093 /* WordsFactoryApp.swift */ = {isa = PBXFileReference; lastKnownFileType = sourcecode.swift; path = WordsFactoryApp.swift; sourceTree = "<group>"; };
		72FA3A152735740B0013B093 /* ContentView.swift */ = {isa = PBXFileReference; lastKnownFileType = sourcecode.swift; path = ContentView.swift; sourceTree = "<group>"; };
		72FA3A172735740B0013B093 /* NotificationController.swift */ = {isa = PBXFileReference; lastKnownFileType = sourcecode.swift; path = NotificationController.swift; sourceTree = "<group>"; };
		72FA3A192735740B0013B093 /* NotificationView.swift */ = {isa = PBXFileReference; lastKnownFileType = sourcecode.swift; path = NotificationView.swift; sourceTree = "<group>"; };
		72FA3A1B2735740B0013B093 /* ComplicationController.swift */ = {isa = PBXFileReference; lastKnownFileType = sourcecode.swift; path = ComplicationController.swift; sourceTree = "<group>"; };
		72FA3A1D2735740C0013B093 /* Assets.xcassets */ = {isa = PBXFileReference; lastKnownFileType = folder.assetcatalog; path = Assets.xcassets; sourceTree = "<group>"; };
		72FA3A202735740C0013B093 /* Preview Assets.xcassets */ = {isa = PBXFileReference; lastKnownFileType = folder.assetcatalog; path = "Preview Assets.xcassets"; sourceTree = "<group>"; };
		72FA3A222735740C0013B093 /* Info.plist */ = {isa = PBXFileReference; lastKnownFileType = text.plist.xml; path = Info.plist; sourceTree = "<group>"; };
		72FA3A232735740C0013B093 /* PushNotificationPayload.apns */ = {isa = PBXFileReference; lastKnownFileType = text; path = PushNotificationPayload.apns; sourceTree = "<group>"; };
		72FA3A282735740C0013B093 /* WordsWatchTests.xctest */ = {isa = PBXFileReference; explicitFileType = wrapper.cfbundle; includeInIndex = 0; path = WordsWatchTests.xctest; sourceTree = BUILT_PRODUCTS_DIR; };
		72FA3A2C2735740C0013B093 /* WordsWatchTests.swift */ = {isa = PBXFileReference; lastKnownFileType = sourcecode.swift; path = WordsWatchTests.swift; sourceTree = "<group>"; };
		72FA3A322735740C0013B093 /* WordsWatchUITests.xctest */ = {isa = PBXFileReference; explicitFileType = wrapper.cfbundle; includeInIndex = 0; path = WordsWatchUITests.xctest; sourceTree = BUILT_PRODUCTS_DIR; };
		72FA3A362735740C0013B093 /* WordsWatchUITests.swift */ = {isa = PBXFileReference; lastKnownFileType = sourcecode.swift; path = WordsWatchUITests.swift; sourceTree = "<group>"; };
		72FA3A382735740C0013B093 /* WordsWatchUITestsLaunchTests.swift */ = {isa = PBXFileReference; lastKnownFileType = sourcecode.swift; path = WordsWatchUITestsLaunchTests.swift; sourceTree = "<group>"; };
		72FA3A4C273574660013B093 /* Rubik-Regular.ttf */ = {isa = PBXFileReference; lastKnownFileType = file; path = "Rubik-Regular.ttf"; sourceTree = "<group>"; };
		72FA3A4D273574660013B093 /* Rubik-Bold.ttf */ = {isa = PBXFileReference; lastKnownFileType = file; path = "Rubik-Bold.ttf"; sourceTree = "<group>"; };
		72FA3A4E273574660013B093 /* Rubik-Medium.ttf */ = {isa = PBXFileReference; lastKnownFileType = file; path = "Rubik-Medium.ttf"; sourceTree = "<group>"; };
/* End PBXFileReference section */

/* Begin PBXFrameworksBuildPhase section */
		72FA3937273501B20013B093 /* Frameworks */ = {
			isa = PBXFrameworksBuildPhase;
			buildActionMask = 2147483647;
			files = (
				72FA3981273502690013B093 /* TPKeyboardAvoiding in Frameworks */,
				72FA397E2735025A0013B093 /* MBProgressHUD in Frameworks */,
				72FA397B273502460013B093 /* Charts in Frameworks */,
				72FA3975273502220013B093 /* Kingfisher in Frameworks */,
				72FA3978273502300013B093 /* SnapKit in Frameworks */,
				72FA396F273501E70013B093 /* Alamofire in Frameworks */,
				72FA3972273502120013B093 /* PromiseKit in Frameworks */,
			);
			runOnlyForDeploymentPostprocessing = 0;
		};
		72FA394D273501B40013B093 /* Frameworks */ = {
			isa = PBXFrameworksBuildPhase;
			buildActionMask = 2147483647;
			files = (
			);
			runOnlyForDeploymentPostprocessing = 0;
		};
		72FA3957273501B40013B093 /* Frameworks */ = {
			isa = PBXFrameworksBuildPhase;
			buildActionMask = 2147483647;
			files = (
			);
			runOnlyForDeploymentPostprocessing = 0;
		};
		72FA39E227356E1A0013B093 /* Frameworks */ = {
			isa = PBXFrameworksBuildPhase;
			buildActionMask = 2147483647;
			files = (
				72FA39EA27356E1A0013B093 /* SwiftUI.framework in Frameworks */,
				72FA39E827356E1A0013B093 /* WidgetKit.framework in Frameworks */,
			);
			runOnlyForDeploymentPostprocessing = 0;
		};
		72FA3A0B2735740B0013B093 /* Frameworks */ = {
			isa = PBXFrameworksBuildPhase;
			buildActionMask = 2147483647;
			files = (
			);
			runOnlyForDeploymentPostprocessing = 0;
		};
		72FA3A252735740C0013B093 /* Frameworks */ = {
			isa = PBXFrameworksBuildPhase;
			buildActionMask = 2147483647;
			files = (
			);
			runOnlyForDeploymentPostprocessing = 0;
		};
		72FA3A2F2735740C0013B093 /* Frameworks */ = {
			isa = PBXFrameworksBuildPhase;
			buildActionMask = 2147483647;
			files = (
			);
			runOnlyForDeploymentPostprocessing = 0;
		};
/* End PBXFrameworksBuildPhase section */

/* Begin PBXGroup section */
		72FA3931273501B20013B093 = {
			isa = PBXGroup;
			children = (
				72FA39FC27356E3C0013B093 /* WordsWidgetExtension.entitlements */,
				72FA393C273501B20013B093 /* WordsFactory */,
				72FA3953273501B40013B093 /* WordsFactoryTests */,
				72FA395D273501B40013B093 /* WordsFactoryUITests */,
				72FA39EB27356E1A0013B093 /* WordsWidget */,
				72FA3A07273574080013B093 /* WordsWatch */,
				72FA3A122735740B0013B093 /* WordsWatch WatchKit Extension */,
				72FA3A2B2735740C0013B093 /* WordsWatchTests */,
				72FA3A352735740C0013B093 /* WordsWatchUITests */,
				72FA39E627356E1A0013B093 /* Frameworks */,
				72FA393B273501B20013B093 /* Products */,
			);
			sourceTree = "<group>";
		};
		72FA393B273501B20013B093 /* Products */ = {
			isa = PBXGroup;
			children = (
				72FA393A273501B20013B093 /* WordsFactory.app */,
				72FA3950273501B40013B093 /* WordsFactoryTests.xctest */,
				72FA395A273501B40013B093 /* WordsFactoryUITests.xctest */,
				72FA39E527356E1A0013B093 /* WordsWidgetExtension.appex */,
				72FA3A06273574080013B093 /* WordsWatch.app */,
				72FA3A0E2735740B0013B093 /* WordsWatch WatchKit Extension.appex */,
				72FA3A282735740C0013B093 /* WordsWatchTests.xctest */,
				72FA3A322735740C0013B093 /* WordsWatchUITests.xctest */,
			);
			name = Products;
			sourceTree = "<group>";
		};
		72FA393C273501B20013B093 /* WordsFactory */ = {
			isa = PBXGroup;
			children = (
				72FA39FB27356E2B0013B093 /* WordsFactory.entitlements */,
				72FA39A22735193D0013B093 /* Model */,
				72FA399B273518A40013B093 /* Services */,
				72FA398D273514740013B093 /* Scenes */,
				72FA3984273513E30013B093 /* Common */,
				72FA3983273513DD0013B093 /* Fonts */,
				72FA3982273513D10013B093 /* Application */,
				72FA394B273501B40013B093 /* Info.plist */,
			);
			path = WordsFactory;
			sourceTree = "<group>";
		};
		72FA3953273501B40013B093 /* WordsFactoryTests */ = {
			isa = PBXGroup;
			children = (
				72FA3954273501B40013B093 /* WordsFactoryTests.swift */,
			);
			path = WordsFactoryTests;
			sourceTree = "<group>";
		};
		72FA395D273501B40013B093 /* WordsFactoryUITests */ = {
			isa = PBXGroup;
			children = (
				72FA395E273501B40013B093 /* WordsFactoryUITests.swift */,
				72FA3960273501B40013B093 /* WordsFactoryUITestsLaunchTests.swift */,
			);
			path = WordsFactoryUITests;
			sourceTree = "<group>";
		};
		72FA3982273513D10013B093 /* Application */ = {
			isa = PBXGroup;
			children = (
				72FA393D273501B20013B093 /* AppDelegate.swift */,
				72FA393F273501B20013B093 /* SceneDelegate.swift */,
				72FA3941273501B20013B093 /* ViewController.swift */,
				72FA3943273501B20013B093 /* Main.storyboard */,
				72FA3946273501B40013B093 /* Assets.xcassets */,
				72FA3948273501B40013B093 /* LaunchScreen.storyboard */,
			);
			path = Application;
			sourceTree = "<group>";
		};
		72FA3983273513DD0013B093 /* Fonts */ = {
			isa = PBXGroup;
			children = (
				72FA39852735140E0013B093 /* Rubik-Bold.ttf */,
				72FA39862735140E0013B093 /* Rubik-Medium.ttf */,
				72FA39872735140E0013B093 /* Rubik-Regular.ttf */,
			);
			path = Fonts;
			sourceTree = "<group>";
		};
		72FA3984273513E30013B093 /* Common */ = {
			isa = PBXGroup;
			children = (
				72FA39B027352C9F0013B093 /* Tab Bar */,
				72FA398B273514350013B093 /* Fonts.swift */,
				72FA3993273514E90013B093 /* BaseViewController.swift */,
				72FA3997273515B70013B093 /* Colors.swift */,
				72FA3999273516FD0013B093 /* TextField.swift */,
				72FA39AC273524AD0013B093 /* CommonButton.swift */,
			);
			path = Common;
			sourceTree = "<group>";
		};
		72FA398D273514740013B093 /* Scenes */ = {
			isa = PBXGroup;
			children = (
				72FA39D0273554DE0013B093 /* Training */,
				72FA39CD27353FE80013B093 /* Sign Up */,
				72FA39BE2735373C0013B093 /* Onboarding */,
				72FA39B727352FC80013B093 /* Video */,
				72FA398E273514BA0013B093 /* Dictionary */,
			);
			path = Scenes;
			sourceTree = "<group>";
		};
		72FA398E273514BA0013B093 /* Dictionary */ = {
			isa = PBXGroup;
			children = (
				72FA39A92735223F0013B093 /* View  */,
				72FA39A8273522350013B093 /* View Model */,
			);
			path = Dictionary;
			sourceTree = "<group>";
		};
		72FA399B273518A40013B093 /* Services */ = {
			isa = PBXGroup;
			children = (
				72FA399C273518C20013B093 /* DictionaryServiceProxy.swift */,
				72FA399E273518F40013B093 /* DictionaryRemoteServiceSingletone.swift */,
				72FA39A0273519010013B093 /* DictionaryLocalServiceSingletone.swift */,
			);
			path = Services;
			sourceTree = "<group>";
		};
		72FA39A22735193D0013B093 /* Model */ = {
			isa = PBXGroup;
			children = (
				72FA39A3273519490013B093 /* Word.swift */,
				72FA39DB273559860013B093 /* Rate.swift */,
			);
			path = Model;
			sourceTree = "<group>";
		};
		72FA39A8273522350013B093 /* View Model */ = {
			isa = PBXGroup;
			children = (
				72FA3991273514D70013B093 /* DictionaryViewModel.swift */,
				72FA39AA273522520013B093 /* MeaningViewModel.swift */,
			);
			path = "View Model";
			sourceTree = "<group>";
		};
		72FA39A92735223F0013B093 /* View  */ = {
			isa = PBXGroup;
			children = (
				72FA398F273514CD0013B093 /* DictionaryViewController.swift */,
				72FA39952735151D0013B093 /* DictPlaceholderView.swift */,
				72FA39A52735219C0013B093 /* MeaningView.swift */,
			);
			path = "View ";
			sourceTree = "<group>";
		};
		72FA39B027352C9F0013B093 /* Tab Bar */ = {
			isa = PBXGroup;
			children = (
				72FA39AE2735284E0013B093 /* TabBarView.swift */,
				72FA39B127352CB40013B093 /* TabBarItemView.swift */,
				72FA39B327352D970013B093 /* TabType.swift */,
				72FA39B527352E780013B093 /* TabBarFactory.swift */,
			);
			path = "Tab Bar";
			sourceTree = "<group>";
		};
		72FA39B727352FC80013B093 /* Video */ = {
			isa = PBXGroup;
			children = (
				72FA39BB273530C00013B093 /* View Model */,
				72FA39BA273530BC0013B093 /* View */,
			);
			path = Video;
			sourceTree = "<group>";
		};
		72FA39BA273530BC0013B093 /* View */ = {
			isa = PBXGroup;
			children = (
				72FA39B827352FDE0013B093 /* VideoViewController.swift */,
			);
			path = View;
			sourceTree = "<group>";
		};
		72FA39BB273530C00013B093 /* View Model */ = {
			isa = PBXGroup;
			children = (
				72FA39BC273530D20013B093 /* VideoViewModel.swift */,
			);
			path = "View Model";
			sourceTree = "<group>";
		};
		72FA39BE2735373C0013B093 /* Onboarding */ = {
			isa = PBXGroup;
			children = (
				72FA39C4273539390013B093 /* View Model */,
				72FA39BF273537430013B093 /* View */,
			);
			path = Onboarding;
			sourceTree = "<group>";
		};
		72FA39BF273537430013B093 /* View */ = {
			isa = PBXGroup;
			children = (
				72FA39C02735375B0013B093 /* OnboardingViewController.swift */,
				72FA39C2273537A90013B093 /* OnboadingPageView.swift */,
			);
			path = View;
			sourceTree = "<group>";
		};
		72FA39C4273539390013B093 /* View Model */ = {
			isa = PBXGroup;
			children = (
				72FA39C5273539440013B093 /* OnboadingPageViewModel.swift */,
				72FA39C72735398E0013B093 /* OnboardingViewModel.swift */,
				72FA39C927353AF80013B093 /* OnboardingPagesFactory.swift */,
				72FA39CB27353BCC0013B093 /* OnboardingPageType.swift */,
			);
			path = "View Model";
			sourceTree = "<group>";
		};
		72FA39CD27353FE80013B093 /* Sign Up */ = {
			isa = PBXGroup;
			children = (
				72FA39CE273540040013B093 /* SignUpViewController.swift */,
			);
			path = "Sign Up";
			sourceTree = "<group>";
		};
		72FA39D0273554DE0013B093 /* Training */ = {
			isa = PBXGroup;
			children = (
				72FA39D4273555B00013B093 /* View Model */,
				72FA39D3273555A90013B093 /* View */,
			);
			path = Training;
			sourceTree = "<group>";
		};
		72FA39D3273555A90013B093 /* View */ = {
			isa = PBXGroup;
			children = (
				72FA39D1273554F60013B093 /* TrainingViewController.swift */,
				72FA39D7273557E10013B093 /* TestViewController.swift */,
				72FA39DD27355CE30013B093 /* WordButton.swift */,
				72FA39DF273565B30013B093 /* FinishViewController.swift */,
			);
			path = View;
			sourceTree = "<group>";
		};
		72FA39D4273555B00013B093 /* View Model */ = {
			isa = PBXGroup;
			children = (
				72FA39D5273555BD0013B093 /* TrainingViewModel.swift */,
				72FA39D9273559640013B093 /* TestViewModel.swift */,
			);
			path = "View Model";
			sourceTree = "<group>";
		};
		72FA39E627356E1A0013B093 /* Frameworks */ = {
			isa = PBXGroup;
			children = (
				72FA39E727356E1A0013B093 /* WidgetKit.framework */,
				72FA39E927356E1A0013B093 /* SwiftUI.framework */,
			);
			name = Frameworks;
			sourceTree = "<group>";
		};
		72FA39EB27356E1A0013B093 /* WordsWidget */ = {
			isa = PBXGroup;
			children = (
				72FA39FD273570620013B093 /* Fonts */,
				72FA39EC27356E1A0013B093 /* WordsWidget.swift */,
				72FA39EE27356E1A0013B093 /* WordsWidget.intentdefinition */,
				72FA39EF27356E1D0013B093 /* Assets.xcassets */,
				72FA39F127356E1D0013B093 /* Info.plist */,
			);
			path = WordsWidget;
			sourceTree = "<group>";
		};
		72FA39FD273570620013B093 /* Fonts */ = {
			isa = PBXGroup;
			children = (
				72FA39FF273570970013B093 /* Rubik-Bold.ttf */,
				72FA3A00273570970013B093 /* Rubik-Medium.ttf */,
				72FA39FE273570970013B093 /* Rubik-Regular.ttf */,
			);
			path = Fonts;
			sourceTree = "<group>";
		};
		72FA3A07273574080013B093 /* WordsWatch */ = {
			isa = PBXGroup;
			children = (
				72FA3A082735740B0013B093 /* Assets.xcassets */,
			);
			path = WordsWatch;
			sourceTree = "<group>";
		};
		72FA3A122735740B0013B093 /* WordsWatch WatchKit Extension */ = {
			isa = PBXGroup;
			children = (
				72FA3A4B2735744B0013B093 /* Fonts */,
				72FA3A132735740B0013B093 /* WordsFactoryApp.swift */,
				72FA3A152735740B0013B093 /* ContentView.swift */,
				72FA3A172735740B0013B093 /* NotificationController.swift */,
				72FA3A192735740B0013B093 /* NotificationView.swift */,
				72FA3A1B2735740B0013B093 /* ComplicationController.swift */,
				72FA3A1D2735740C0013B093 /* Assets.xcassets */,
				72FA3A222735740C0013B093 /* Info.plist */,
				72FA3A232735740C0013B093 /* PushNotificationPayload.apns */,
				72FA3A1F2735740C0013B093 /* Preview Content */,
			);
			path = "WordsWatch WatchKit Extension";
			sourceTree = "<group>";
		};
		72FA3A1F2735740C0013B093 /* Preview Content */ = {
			isa = PBXGroup;
			children = (
				72FA3A202735740C0013B093 /* Preview Assets.xcassets */,
			);
			path = "Preview Content";
			sourceTree = "<group>";
		};
		72FA3A2B2735740C0013B093 /* WordsWatchTests */ = {
			isa = PBXGroup;
			children = (
				72FA3A2C2735740C0013B093 /* WordsWatchTests.swift */,
			);
			path = WordsWatchTests;
			sourceTree = "<group>";
		};
		72FA3A352735740C0013B093 /* WordsWatchUITests */ = {
			isa = PBXGroup;
			children = (
				72FA3A362735740C0013B093 /* WordsWatchUITests.swift */,
				72FA3A382735740C0013B093 /* WordsWatchUITestsLaunchTests.swift */,
			);
			path = WordsWatchUITests;
			sourceTree = "<group>";
		};
		72FA3A4B2735744B0013B093 /* Fonts */ = {
			isa = PBXGroup;
			children = (
				72FA3A4D273574660013B093 /* Rubik-Bold.ttf */,
				72FA3A4E273574660013B093 /* Rubik-Medium.ttf */,
				72FA3A4C273574660013B093 /* Rubik-Regular.ttf */,
			);
			path = Fonts;
			sourceTree = "<group>";
		};
/* End PBXGroup section */

/* Begin PBXNativeTarget section */
		72FA3939273501B20013B093 /* WordsFactory */ = {
			isa = PBXNativeTarget;
			buildConfigurationList = 72FA3964273501B40013B093 /* Build configuration list for PBXNativeTarget "WordsFactory" */;
			buildPhases = (
				72FA3936273501B20013B093 /* Sources */,
				72FA3937273501B20013B093 /* Frameworks */,
				72FA3938273501B20013B093 /* Resources */,
				72FA39FA27356E1D0013B093 /* Embed App Extensions */,
				72FA3A442735740C0013B093 /* Embed Watch Content */,
			);
			buildRules = (
			);
			dependencies = (
				72FA39F527356E1D0013B093 /* PBXTargetDependency */,
				72FA3A3B2735740C0013B093 /* PBXTargetDependency */,
			);
			name = WordsFactory;
			packageProductDependencies = (
				72FA396E273501E70013B093 /* Alamofire */,
				72FA3971273502120013B093 /* PromiseKit */,
				72FA3974273502220013B093 /* Kingfisher */,
				72FA3977273502300013B093 /* SnapKit */,
				72FA397A273502460013B093 /* Charts */,
				72FA397D2735025A0013B093 /* MBProgressHUD */,
				72FA3980273502690013B093 /* TPKeyboardAvoiding */,
			);
			productName = WordsFactory;
			productReference = 72FA393A273501B20013B093 /* WordsFactory.app */;
			productType = "com.apple.product-type.application";
		};
		72FA394F273501B40013B093 /* WordsFactoryTests */ = {
			isa = PBXNativeTarget;
			buildConfigurationList = 72FA3967273501B40013B093 /* Build configuration list for PBXNativeTarget "WordsFactoryTests" */;
			buildPhases = (
				72FA394C273501B40013B093 /* Sources */,
				72FA394D273501B40013B093 /* Frameworks */,
				72FA394E273501B40013B093 /* Resources */,
			);
			buildRules = (
			);
			dependencies = (
				72FA3952273501B40013B093 /* PBXTargetDependency */,
			);
			name = WordsFactoryTests;
			productName = WordsFactoryTests;
			productReference = 72FA3950273501B40013B093 /* WordsFactoryTests.xctest */;
			productType = "com.apple.product-type.bundle.unit-test";
		};
		72FA3959273501B40013B093 /* WordsFactoryUITests */ = {
			isa = PBXNativeTarget;
			buildConfigurationList = 72FA396A273501B40013B093 /* Build configuration list for PBXNativeTarget "WordsFactoryUITests" */;
			buildPhases = (
				72FA3956273501B40013B093 /* Sources */,
				72FA3957273501B40013B093 /* Frameworks */,
				72FA3958273501B40013B093 /* Resources */,
			);
			buildRules = (
			);
			dependencies = (
				72FA395C273501B40013B093 /* PBXTargetDependency */,
			);
			name = WordsFactoryUITests;
			productName = WordsFactoryUITests;
			productReference = 72FA395A273501B40013B093 /* WordsFactoryUITests.xctest */;
			productType = "com.apple.product-type.bundle.ui-testing";
		};
		72FA39E427356E1A0013B093 /* WordsWidgetExtension */ = {
			isa = PBXNativeTarget;
			buildConfigurationList = 72FA39F727356E1D0013B093 /* Build configuration list for PBXNativeTarget "WordsWidgetExtension" */;
			buildPhases = (
				72FA39E127356E1A0013B093 /* Sources */,
				72FA39E227356E1A0013B093 /* Frameworks */,
				72FA39E327356E1A0013B093 /* Resources */,
			);
			buildRules = (
			);
			dependencies = (
			);
			name = WordsWidgetExtension;
			productName = WordsWidgetExtension;
			productReference = 72FA39E527356E1A0013B093 /* WordsWidgetExtension.appex */;
			productType = "com.apple.product-type.app-extension";
		};
		72FA3A05273574080013B093 /* WordsWatch */ = {
			isa = PBXNativeTarget;
			buildConfigurationList = 72FA3A412735740C0013B093 /* Build configuration list for PBXNativeTarget "WordsWatch" */;
			buildPhases = (
				72FA3A04273574080013B093 /* Resources */,
				72FA3A402735740C0013B093 /* Embed App Extensions */,
			);
			buildRules = (
			);
			dependencies = (
				72FA3A112735740B0013B093 /* PBXTargetDependency */,
			);
			name = WordsWatch;
			productName = WordsWatch;
			productReference = 72FA3A06273574080013B093 /* WordsWatch.app */;
			productType = "com.apple.product-type.application.watchapp2";
		};
		72FA3A0D2735740B0013B093 /* WordsWatch WatchKit Extension */ = {
			isa = PBXNativeTarget;
			buildConfigurationList = 72FA3A3D2735740C0013B093 /* Build configuration list for PBXNativeTarget "WordsWatch WatchKit Extension" */;
			buildPhases = (
				72FA3A0A2735740B0013B093 /* Sources */,
				72FA3A0B2735740B0013B093 /* Frameworks */,
				72FA3A0C2735740B0013B093 /* Resources */,
			);
			buildRules = (
			);
			dependencies = (
			);
			name = "WordsWatch WatchKit Extension";
			productName = "WordsWatch WatchKit Extension";
			productReference = 72FA3A0E2735740B0013B093 /* WordsWatch WatchKit Extension.appex */;
			productType = "com.apple.product-type.watchkit2-extension";
		};
		72FA3A272735740C0013B093 /* WordsWatchTests */ = {
			isa = PBXNativeTarget;
			buildConfigurationList = 72FA3A452735740C0013B093 /* Build configuration list for PBXNativeTarget "WordsWatchTests" */;
			buildPhases = (
				72FA3A242735740C0013B093 /* Sources */,
				72FA3A252735740C0013B093 /* Frameworks */,
				72FA3A262735740C0013B093 /* Resources */,
			);
			buildRules = (
			);
			dependencies = (
				72FA3A2A2735740C0013B093 /* PBXTargetDependency */,
			);
			name = WordsWatchTests;
			productName = WordsWatchTests;
			productReference = 72FA3A282735740C0013B093 /* WordsWatchTests.xctest */;
			productType = "com.apple.product-type.bundle.unit-test";
		};
		72FA3A312735740C0013B093 /* WordsWatchUITests */ = {
			isa = PBXNativeTarget;
			buildConfigurationList = 72FA3A482735740C0013B093 /* Build configuration list for PBXNativeTarget "WordsWatchUITests" */;
			buildPhases = (
				72FA3A2E2735740C0013B093 /* Sources */,
				72FA3A2F2735740C0013B093 /* Frameworks */,
				72FA3A302735740C0013B093 /* Resources */,
			);
			buildRules = (
			);
			dependencies = (
				72FA3A342735740C0013B093 /* PBXTargetDependency */,
			);
			name = WordsWatchUITests;
			productName = WordsWatchUITests;
			productReference = 72FA3A322735740C0013B093 /* WordsWatchUITests.xctest */;
			productType = "com.apple.product-type.bundle.ui-testing";
		};
/* End PBXNativeTarget section */

/* Begin PBXProject section */
		72FA3932273501B20013B093 /* Project object */ = {
			isa = PBXProject;
			attributes = {
				BuildIndependentTargetsInParallel = 1;
				LastSwiftUpdateCheck = 1300;
				LastUpgradeCheck = 1300;
				TargetAttributes = {
					72FA3939273501B20013B093 = {
						CreatedOnToolsVersion = 13.0;
					};
					72FA394F273501B40013B093 = {
						CreatedOnToolsVersion = 13.0;
						TestTargetID = 72FA3939273501B20013B093;
					};
					72FA3959273501B40013B093 = {
						CreatedOnToolsVersion = 13.0;
						TestTargetID = 72FA3939273501B20013B093;
					};
					72FA39E427356E1A0013B093 = {
						CreatedOnToolsVersion = 13.0;
					};
					72FA3A05273574080013B093 = {
						CreatedOnToolsVersion = 13.0;
					};
					72FA3A0D2735740B0013B093 = {
						CreatedOnToolsVersion = 13.0;
					};
					72FA3A272735740C0013B093 = {
						CreatedOnToolsVersion = 13.0;
						TestTargetID = 72FA3A0D2735740B0013B093;
					};
					72FA3A312735740C0013B093 = {
						CreatedOnToolsVersion = 13.0;
						TestTargetID = 72FA3A05273574080013B093;
					};
				};
			};
			buildConfigurationList = 72FA3935273501B20013B093 /* Build configuration list for PBXProject "WordsFactory" */;
			compatibilityVersion = "Xcode 13.0";
			developmentRegion = en;
			hasScannedForEncodings = 0;
			knownRegions = (
				en,
				Base,
			);
			mainGroup = 72FA3931273501B20013B093;
			packageReferences = (
				72FA396D273501E70013B093 /* XCRemoteSwiftPackageReference "Alamofire" */,
				72FA3970273502120013B093 /* XCRemoteSwiftPackageReference "PromiseKit" */,
				72FA3973273502220013B093 /* XCRemoteSwiftPackageReference "Kingfisher" */,
				72FA3976273502300013B093 /* XCRemoteSwiftPackageReference "SnapKit" */,
				72FA3979273502460013B093 /* XCRemoteSwiftPackageReference "Charts" */,
				72FA397C2735025A0013B093 /* XCRemoteSwiftPackageReference "MBProgressHUD" */,
				72FA397F273502690013B093 /* XCRemoteSwiftPackageReference "TPKeyboardAvoiding" */,
			);
			productRefGroup = 72FA393B273501B20013B093 /* Products */;
			projectDirPath = "";
			projectRoot = "";
			targets = (
				72FA3939273501B20013B093 /* WordsFactory */,
				72FA394F273501B40013B093 /* WordsFactoryTests */,
				72FA3959273501B40013B093 /* WordsFactoryUITests */,
				72FA39E427356E1A0013B093 /* WordsWidgetExtension */,
				72FA3A05273574080013B093 /* WordsWatch */,
				72FA3A0D2735740B0013B093 /* WordsWatch WatchKit Extension */,
				72FA3A272735740C0013B093 /* WordsWatchTests */,
				72FA3A312735740C0013B093 /* WordsWatchUITests */,
			);
		};
/* End PBXProject section */

/* Begin PBXResourcesBuildPhase section */
		72FA3938273501B20013B093 /* Resources */ = {
			isa = PBXResourcesBuildPhase;
			buildActionMask = 2147483647;
			files = (
				72FA394A273501B40013B093 /* LaunchScreen.storyboard in Resources */,
				72FA398A2735140E0013B093 /* Rubik-Regular.ttf in Resources */,
				72FA39882735140E0013B093 /* Rubik-Bold.ttf in Resources */,
				72FA3947273501B40013B093 /* Assets.xcassets in Resources */,
				72FA3945273501B20013B093 /* Main.storyboard in Resources */,
				72FA39892735140E0013B093 /* Rubik-Medium.ttf in Resources */,
			);
			runOnlyForDeploymentPostprocessing = 0;
		};
		72FA394E273501B40013B093 /* Resources */ = {
			isa = PBXResourcesBuildPhase;
			buildActionMask = 2147483647;
			files = (
			);
			runOnlyForDeploymentPostprocessing = 0;
		};
		72FA3958273501B40013B093 /* Resources */ = {
			isa = PBXResourcesBuildPhase;
			buildActionMask = 2147483647;
			files = (
			);
			runOnlyForDeploymentPostprocessing = 0;
		};
		72FA39E327356E1A0013B093 /* Resources */ = {
			isa = PBXResourcesBuildPhase;
			buildActionMask = 2147483647;
			files = (
				72FA39F027356E1D0013B093 /* Assets.xcassets in Resources */,
				72FA3A02273570970013B093 /* Rubik-Bold.ttf in Resources */,
				72FA3A01273570970013B093 /* Rubik-Regular.ttf in Resources */,
				72FA3A03273570970013B093 /* Rubik-Medium.ttf in Resources */,
			);
			runOnlyForDeploymentPostprocessing = 0;
		};
		72FA3A04273574080013B093 /* Resources */ = {
			isa = PBXResourcesBuildPhase;
			buildActionMask = 2147483647;
			files = (
				72FA3A092735740B0013B093 /* Assets.xcassets in Resources */,
			);
			runOnlyForDeploymentPostprocessing = 0;
		};
		72FA3A0C2735740B0013B093 /* Resources */ = {
			isa = PBXResourcesBuildPhase;
			buildActionMask = 2147483647;
			files = (
				72FA3A212735740C0013B093 /* Preview Assets.xcassets in Resources */,
				72FA3A50273574660013B093 /* Rubik-Bold.ttf in Resources */,
				72FA3A4F273574660013B093 /* Rubik-Regular.ttf in Resources */,
				72FA3A1E2735740C0013B093 /* Assets.xcassets in Resources */,
				72FA3A51273574660013B093 /* Rubik-Medium.ttf in Resources */,
			);
			runOnlyForDeploymentPostprocessing = 0;
		};
		72FA3A262735740C0013B093 /* Resources */ = {
			isa = PBXResourcesBuildPhase;
			buildActionMask = 2147483647;
			files = (
			);
			runOnlyForDeploymentPostprocessing = 0;
		};
		72FA3A302735740C0013B093 /* Resources */ = {
			isa = PBXResourcesBuildPhase;
			buildActionMask = 2147483647;
			files = (
			);
			runOnlyForDeploymentPostprocessing = 0;
		};
/* End PBXResourcesBuildPhase section */

/* Begin PBXSourcesBuildPhase section */
		72FA3936273501B20013B093 /* Sources */ = {
			isa = PBXSourcesBuildPhase;
			buildActionMask = 2147483647;
			files = (
				72FA39D2273554F60013B093 /* TrainingViewController.swift in Sources */,
				72FA3992273514D70013B093 /* DictionaryViewModel.swift in Sources */,
				72FA39B627352E780013B093 /* TabBarFactory.swift in Sources */,
				72FA39DC273559860013B093 /* Rate.swift in Sources */,
				72FA39CA27353AF90013B093 /* OnboardingPagesFactory.swift in Sources */,
				72FA39A4273519490013B093 /* Word.swift in Sources */,
				72FA3998273515B70013B093 /* Colors.swift in Sources */,
				72FA39C82735398E0013B093 /* OnboardingViewModel.swift in Sources */,
				72FA3990273514CD0013B093 /* DictionaryViewController.swift in Sources */,
				72FA39DA273559640013B093 /* TestViewModel.swift in Sources */,
				72FA39A1273519010013B093 /* DictionaryLocalServiceSingletone.swift in Sources */,
				72FA39B927352FDE0013B093 /* VideoViewController.swift in Sources */,
				72FA39C6273539440013B093 /* OnboadingPageViewModel.swift in Sources */,
				72FA399A273516FD0013B093 /* TextField.swift in Sources */,
				72FA398C273514350013B093 /* Fonts.swift in Sources */,
				72FA39D8273557E10013B093 /* TestViewController.swift in Sources */,
				72FA3942273501B20013B093 /* ViewController.swift in Sources */,
				72FA393E273501B20013B093 /* AppDelegate.swift in Sources */,
				72FA399F273518F40013B093 /* DictionaryRemoteServiceSingletone.swift in Sources */,
				72FA39E0273565B30013B093 /* FinishViewController.swift in Sources */,
				72FA39AF2735284E0013B093 /* TabBarView.swift in Sources */,
				72FA39C3273537A90013B093 /* OnboadingPageView.swift in Sources */,
				72FA399D273518C20013B093 /* DictionaryServiceProxy.swift in Sources */,
				72FA3994273514E90013B093 /* BaseViewController.swift in Sources */,
				72FA39CC27353BCC0013B093 /* OnboardingPageType.swift in Sources */,
				72FA39B227352CB40013B093 /* TabBarItemView.swift in Sources */,
				72FA39AB273522520013B093 /* MeaningViewModel.swift in Sources */,
				72FA39AD273524AD0013B093 /* CommonButton.swift in Sources */,
				72FA39DE27355CE30013B093 /* WordButton.swift in Sources */,
				72FA39BD273530D20013B093 /* VideoViewModel.swift in Sources */,
				72FA39CF273540040013B093 /* SignUpViewController.swift in Sources */,
				72FA39D6273555BD0013B093 /* TrainingViewModel.swift in Sources */,
				72FA39C12735375B0013B093 /* OnboardingViewController.swift in Sources */,
				72FA39962735151D0013B093 /* DictPlaceholderView.swift in Sources */,
				72FA39F327356E1D0013B093 /* WordsWidget.intentdefinition in Sources */,
				72FA39B427352D970013B093 /* TabType.swift in Sources */,
				72FA3940273501B20013B093 /* SceneDelegate.swift in Sources */,
				72FA39A62735219C0013B093 /* MeaningView.swift in Sources */,
			);
			runOnlyForDeploymentPostprocessing = 0;
		};
		72FA394C273501B40013B093 /* Sources */ = {
			isa = PBXSourcesBuildPhase;
			buildActionMask = 2147483647;
			files = (
				72FA3955273501B40013B093 /* WordsFactoryTests.swift in Sources */,
			);
			runOnlyForDeploymentPostprocessing = 0;
		};
		72FA3956273501B40013B093 /* Sources */ = {
			isa = PBXSourcesBuildPhase;
			buildActionMask = 2147483647;
			files = (
				72FA395F273501B40013B093 /* WordsFactoryUITests.swift in Sources */,
				72FA3961273501B40013B093 /* WordsFactoryUITestsLaunchTests.swift in Sources */,
			);
			runOnlyForDeploymentPostprocessing = 0;
		};
		72FA39E127356E1A0013B093 /* Sources */ = {
			isa = PBXSourcesBuildPhase;
			buildActionMask = 2147483647;
			files = (
				72FA39F227356E1D0013B093 /* WordsWidget.intentdefinition in Sources */,
				72FA39ED27356E1A0013B093 /* WordsWidget.swift in Sources */,
			);
			runOnlyForDeploymentPostprocessing = 0;
		};
		72FA3A0A2735740B0013B093 /* Sources */ = {
			isa = PBXSourcesBuildPhase;
			buildActionMask = 2147483647;
			files = (
				72FA3A182735740B0013B093 /* NotificationController.swift in Sources */,
				72FA3A162735740B0013B093 /* ContentView.swift in Sources */,
				72FA3A1C2735740B0013B093 /* ComplicationController.swift in Sources */,
				72FA3A142735740B0013B093 /* WordsFactoryApp.swift in Sources */,
				72FA3A1A2735740B0013B093 /* NotificationView.swift in Sources */,
				72FA3A5227357B210013B093 /* Word.swift in Sources */,
			);
			runOnlyForDeploymentPostprocessing = 0;
		};
		72FA3A242735740C0013B093 /* Sources */ = {
			isa = PBXSourcesBuildPhase;
			buildActionMask = 2147483647;
			files = (
				72FA3A2D2735740C0013B093 /* WordsWatchTests.swift in Sources */,
			);
			runOnlyForDeploymentPostprocessing = 0;
		};
		72FA3A2E2735740C0013B093 /* Sources */ = {
			isa = PBXSourcesBuildPhase;
			buildActionMask = 2147483647;
			files = (
				72FA3A392735740C0013B093 /* WordsWatchUITestsLaunchTests.swift in Sources */,
				72FA3A372735740C0013B093 /* WordsWatchUITests.swift in Sources */,
			);
			runOnlyForDeploymentPostprocessing = 0;
		};
/* End PBXSourcesBuildPhase section */

/* Begin PBXTargetDependency section */
		72FA3952273501B40013B093 /* PBXTargetDependency */ = {
			isa = PBXTargetDependency;
			target = 72FA3939273501B20013B093 /* WordsFactory */;
			targetProxy = 72FA3951273501B40013B093 /* PBXContainerItemProxy */;
		};
		72FA395C273501B40013B093 /* PBXTargetDependency */ = {
			isa = PBXTargetDependency;
			target = 72FA3939273501B20013B093 /* WordsFactory */;
			targetProxy = 72FA395B273501B40013B093 /* PBXContainerItemProxy */;
		};
		72FA39F527356E1D0013B093 /* PBXTargetDependency */ = {
			isa = PBXTargetDependency;
			target = 72FA39E427356E1A0013B093 /* WordsWidgetExtension */;
			targetProxy = 72FA39F427356E1D0013B093 /* PBXContainerItemProxy */;
		};
		72FA3A112735740B0013B093 /* PBXTargetDependency */ = {
			isa = PBXTargetDependency;
			target = 72FA3A0D2735740B0013B093 /* WordsWatch WatchKit Extension */;
			targetProxy = 72FA3A102735740B0013B093 /* PBXContainerItemProxy */;
		};
		72FA3A2A2735740C0013B093 /* PBXTargetDependency */ = {
			isa = PBXTargetDependency;
			target = 72FA3A0D2735740B0013B093 /* WordsWatch WatchKit Extension */;
			targetProxy = 72FA3A292735740C0013B093 /* PBXContainerItemProxy */;
		};
		72FA3A342735740C0013B093 /* PBXTargetDependency */ = {
			isa = PBXTargetDependency;
			target = 72FA3A05273574080013B093 /* WordsWatch */;
			targetProxy = 72FA3A332735740C0013B093 /* PBXContainerItemProxy */;
		};
		72FA3A3B2735740C0013B093 /* PBXTargetDependency */ = {
			isa = PBXTargetDependency;
			target = 72FA3A05273574080013B093 /* WordsWatch */;
			targetProxy = 72FA3A3A2735740C0013B093 /* PBXContainerItemProxy */;
		};
/* End PBXTargetDependency section */

/* Begin PBXVariantGroup section */
		72FA3943273501B20013B093 /* Main.storyboard */ = {
			isa = PBXVariantGroup;
			children = (
				72FA3944273501B20013B093 /* Base */,
			);
			name = Main.storyboard;
			sourceTree = "<group>";
		};
		72FA3948273501B40013B093 /* LaunchScreen.storyboard */ = {
			isa = PBXVariantGroup;
			children = (
				72FA3949273501B40013B093 /* Base */,
			);
			name = LaunchScreen.storyboard;
			sourceTree = "<group>";
		};
/* End PBXVariantGroup section */

/* Begin XCBuildConfiguration section */
		72FA3962273501B40013B093 /* Debug */ = {
			isa = XCBuildConfiguration;
			buildSettings = {
				ALWAYS_SEARCH_USER_PATHS = NO;
				CLANG_ANALYZER_NONNULL = YES;
				CLANG_ANALYZER_NUMBER_OBJECT_CONVERSION = YES_AGGRESSIVE;
				CLANG_CXX_LANGUAGE_STANDARD = "gnu++17";
				CLANG_CXX_LIBRARY = "libc++";
				CLANG_ENABLE_MODULES = YES;
				CLANG_ENABLE_OBJC_ARC = YES;
				CLANG_ENABLE_OBJC_WEAK = YES;
				CLANG_WARN_BLOCK_CAPTURE_AUTORELEASING = YES;
				CLANG_WARN_BOOL_CONVERSION = YES;
				CLANG_WARN_COMMA = YES;
				CLANG_WARN_CONSTANT_CONVERSION = YES;
				CLANG_WARN_DEPRECATED_OBJC_IMPLEMENTATIONS = YES;
				CLANG_WARN_DIRECT_OBJC_ISA_USAGE = YES_ERROR;
				CLANG_WARN_DOCUMENTATION_COMMENTS = YES;
				CLANG_WARN_EMPTY_BODY = YES;
				CLANG_WARN_ENUM_CONVERSION = YES;
				CLANG_WARN_INFINITE_RECURSION = YES;
				CLANG_WARN_INT_CONVERSION = YES;
				CLANG_WARN_NON_LITERAL_NULL_CONVERSION = YES;
				CLANG_WARN_OBJC_IMPLICIT_RETAIN_SELF = YES;
				CLANG_WARN_OBJC_LITERAL_CONVERSION = YES;
				CLANG_WARN_OBJC_ROOT_CLASS = YES_ERROR;
				CLANG_WARN_QUOTED_INCLUDE_IN_FRAMEWORK_HEADER = YES;
				CLANG_WARN_RANGE_LOOP_ANALYSIS = YES;
				CLANG_WARN_STRICT_PROTOTYPES = YES;
				CLANG_WARN_SUSPICIOUS_MOVE = YES;
				CLANG_WARN_UNGUARDED_AVAILABILITY = YES_AGGRESSIVE;
				CLANG_WARN_UNREACHABLE_CODE = YES;
				CLANG_WARN__DUPLICATE_METHOD_MATCH = YES;
				COPY_PHASE_STRIP = NO;
				DEBUG_INFORMATION_FORMAT = dwarf;
				ENABLE_STRICT_OBJC_MSGSEND = YES;
				ENABLE_TESTABILITY = YES;
				GCC_C_LANGUAGE_STANDARD = gnu11;
				GCC_DYNAMIC_NO_PIC = NO;
				GCC_NO_COMMON_BLOCKS = YES;
				GCC_OPTIMIZATION_LEVEL = 0;
				GCC_PREPROCESSOR_DEFINITIONS = (
					"DEBUG=1",
					"$(inherited)",
				);
				GCC_WARN_64_TO_32_BIT_CONVERSION = YES;
				GCC_WARN_ABOUT_RETURN_TYPE = YES_ERROR;
				GCC_WARN_UNDECLARED_SELECTOR = YES;
				GCC_WARN_UNINITIALIZED_AUTOS = YES_AGGRESSIVE;
				GCC_WARN_UNUSED_FUNCTION = YES;
				GCC_WARN_UNUSED_VARIABLE = YES;
				IPHONEOS_DEPLOYMENT_TARGET = 14.0;
				MTL_ENABLE_DEBUG_INFO = INCLUDE_SOURCE;
				MTL_FAST_MATH = YES;
				ONLY_ACTIVE_ARCH = YES;
				SDKROOT = iphoneos;
				SWIFT_ACTIVE_COMPILATION_CONDITIONS = DEBUG;
				SWIFT_OPTIMIZATION_LEVEL = "-Onone";
			};
			name = Debug;
		};
		72FA3963273501B40013B093 /* Release */ = {
			isa = XCBuildConfiguration;
			buildSettings = {
				ALWAYS_SEARCH_USER_PATHS = NO;
				CLANG_ANALYZER_NONNULL = YES;
				CLANG_ANALYZER_NUMBER_OBJECT_CONVERSION = YES_AGGRESSIVE;
				CLANG_CXX_LANGUAGE_STANDARD = "gnu++17";
				CLANG_CXX_LIBRARY = "libc++";
				CLANG_ENABLE_MODULES = YES;
				CLANG_ENABLE_OBJC_ARC = YES;
				CLANG_ENABLE_OBJC_WEAK = YES;
				CLANG_WARN_BLOCK_CAPTURE_AUTORELEASING = YES;
				CLANG_WARN_BOOL_CONVERSION = YES;
				CLANG_WARN_COMMA = YES;
				CLANG_WARN_CONSTANT_CONVERSION = YES;
				CLANG_WARN_DEPRECATED_OBJC_IMPLEMENTATIONS = YES;
				CLANG_WARN_DIRECT_OBJC_ISA_USAGE = YES_ERROR;
				CLANG_WARN_DOCUMENTATION_COMMENTS = YES;
				CLANG_WARN_EMPTY_BODY = YES;
				CLANG_WARN_ENUM_CONVERSION = YES;
				CLANG_WARN_INFINITE_RECURSION = YES;
				CLANG_WARN_INT_CONVERSION = YES;
				CLANG_WARN_NON_LITERAL_NULL_CONVERSION = YES;
				CLANG_WARN_OBJC_IMPLICIT_RETAIN_SELF = YES;
				CLANG_WARN_OBJC_LITERAL_CONVERSION = YES;
				CLANG_WARN_OBJC_ROOT_CLASS = YES_ERROR;
				CLANG_WARN_QUOTED_INCLUDE_IN_FRAMEWORK_HEADER = YES;
				CLANG_WARN_RANGE_LOOP_ANALYSIS = YES;
				CLANG_WARN_STRICT_PROTOTYPES = YES;
				CLANG_WARN_SUSPICIOUS_MOVE = YES;
				CLANG_WARN_UNGUARDED_AVAILABILITY = YES_AGGRESSIVE;
				CLANG_WARN_UNREACHABLE_CODE = YES;
				CLANG_WARN__DUPLICATE_METHOD_MATCH = YES;
				COPY_PHASE_STRIP = NO;
				DEBUG_INFORMATION_FORMAT = "dwarf-with-dsym";
				ENABLE_NS_ASSERTIONS = NO;
				ENABLE_STRICT_OBJC_MSGSEND = YES;
				GCC_C_LANGUAGE_STANDARD = gnu11;
				GCC_NO_COMMON_BLOCKS = YES;
				GCC_WARN_64_TO_32_BIT_CONVERSION = YES;
				GCC_WARN_ABOUT_RETURN_TYPE = YES_ERROR;
				GCC_WARN_UNDECLARED_SELECTOR = YES;
				GCC_WARN_UNINITIALIZED_AUTOS = YES_AGGRESSIVE;
				GCC_WARN_UNUSED_FUNCTION = YES;
				GCC_WARN_UNUSED_VARIABLE = YES;
				IPHONEOS_DEPLOYMENT_TARGET = 14.0;
				MTL_ENABLE_DEBUG_INFO = NO;
				MTL_FAST_MATH = YES;
				SDKROOT = iphoneos;
				SWIFT_COMPILATION_MODE = wholemodule;
				SWIFT_OPTIMIZATION_LEVEL = "-O";
				VALIDATE_PRODUCT = YES;
			};
			name = Release;
		};
		72FA3965273501B40013B093 /* Debug */ = {
			isa = XCBuildConfiguration;
			buildSettings = {
				ALWAYS_EMBED_SWIFT_STANDARD_LIBRARIES = YES;
				ASSETCATALOG_COMPILER_APPICON_NAME = AppIcon;
				ASSETCATALOG_COMPILER_GLOBAL_ACCENT_COLOR_NAME = AccentColor;
				CODE_SIGN_ENTITLEMENTS = WordsFactory/WordsFactory.entitlements;
				CODE_SIGN_STYLE = Automatic;
				CURRENT_PROJECT_VERSION = 1;
				DEVELOPMENT_TEAM = T5T228SHK5;
				GENERATE_INFOPLIST_FILE = YES;
				INFOPLIST_FILE = WordsFactory/Info.plist;
				INFOPLIST_KEY_CFBundleDisplayName = WordsFactory;
				INFOPLIST_KEY_UIApplicationSupportsIndirectInputEvents = YES;
				INFOPLIST_KEY_UILaunchStoryboardName = LaunchScreen;
				INFOPLIST_KEY_UIMainStoryboardFile = Main;
				INFOPLIST_KEY_UISupportedInterfaceOrientations_iPad = "UIInterfaceOrientationPortrait UIInterfaceOrientationPortraitUpsideDown UIInterfaceOrientationLandscapeLeft UIInterfaceOrientationLandscapeRight";
				INFOPLIST_KEY_UISupportedInterfaceOrientations_iPhone = "UIInterfaceOrientationPortrait UIInterfaceOrientationLandscapeLeft UIInterfaceOrientationLandscapeRight";
				LD_RUNPATH_SEARCH_PATHS = (
					"$(inherited)",
					"@executable_path/Frameworks",
				);
				MARKETING_VERSION = 1.0;
				PRODUCT_BUNDLE_IDENTIFIER = com.tsustudy.WordsFactory;
				PRODUCT_NAME = "$(TARGET_NAME)";
				SWIFT_EMIT_LOC_STRINGS = YES;
				SWIFT_VERSION = 5.0;
				TARGETED_DEVICE_FAMILY = "1,2";
			};
			name = Debug;
		};
		72FA3966273501B40013B093 /* Release */ = {
			isa = XCBuildConfiguration;
			buildSettings = {
				ALWAYS_EMBED_SWIFT_STANDARD_LIBRARIES = YES;
				ASSETCATALOG_COMPILER_APPICON_NAME = AppIcon;
				ASSETCATALOG_COMPILER_GLOBAL_ACCENT_COLOR_NAME = AccentColor;
				CODE_SIGN_ENTITLEMENTS = WordsFactory/WordsFactory.entitlements;
				CODE_SIGN_STYLE = Automatic;
				CURRENT_PROJECT_VERSION = 1;
				DEVELOPMENT_TEAM = T5T228SHK5;
				GENERATE_INFOPLIST_FILE = YES;
				INFOPLIST_FILE = WordsFactory/Info.plist;
				INFOPLIST_KEY_CFBundleDisplayName = WordsFactory;
				INFOPLIST_KEY_UIApplicationSupportsIndirectInputEvents = YES;
				INFOPLIST_KEY_UILaunchStoryboardName = LaunchScreen;
				INFOPLIST_KEY_UIMainStoryboardFile = Main;
				INFOPLIST_KEY_UISupportedInterfaceOrientations_iPad = "UIInterfaceOrientationPortrait UIInterfaceOrientationPortraitUpsideDown UIInterfaceOrientationLandscapeLeft UIInterfaceOrientationLandscapeRight";
				INFOPLIST_KEY_UISupportedInterfaceOrientations_iPhone = "UIInterfaceOrientationPortrait UIInterfaceOrientationLandscapeLeft UIInterfaceOrientationLandscapeRight";
				LD_RUNPATH_SEARCH_PATHS = (
					"$(inherited)",
					"@executable_path/Frameworks",
				);
				MARKETING_VERSION = 1.0;
				PRODUCT_BUNDLE_IDENTIFIER = com.tsustudy.WordsFactory;
				PRODUCT_NAME = "$(TARGET_NAME)";
				SWIFT_EMIT_LOC_STRINGS = YES;
				SWIFT_VERSION = 5.0;
				TARGETED_DEVICE_FAMILY = "1,2";
			};
			name = Release;
		};
		72FA3968273501B40013B093 /* Debug */ = {
			isa = XCBuildConfiguration;
			buildSettings = {
				ALWAYS_EMBED_SWIFT_STANDARD_LIBRARIES = YES;
				BUNDLE_LOADER = "$(TEST_HOST)";
				CODE_SIGN_STYLE = Automatic;
				CURRENT_PROJECT_VERSION = 1;
				DEVELOPMENT_TEAM = T5T228SHK5;
				GENERATE_INFOPLIST_FILE = YES;
				IPHONEOS_DEPLOYMENT_TARGET = 14.0;
				LD_RUNPATH_SEARCH_PATHS = (
					"$(inherited)",
					"@executable_path/Frameworks",
					"@loader_path/Frameworks",
				);
				MARKETING_VERSION = 1.0;
				PRODUCT_BUNDLE_IDENTIFIER = com.tsustudy.WordsFactoryTests;
				PRODUCT_NAME = "$(TARGET_NAME)";
				SWIFT_EMIT_LOC_STRINGS = NO;
				SWIFT_VERSION = 5.0;
				TARGETED_DEVICE_FAMILY = "1,2";
				TEST_HOST = "$(BUILT_PRODUCTS_DIR)/WordsFactory.app/WordsFactory";
			};
			name = Debug;
		};
		72FA3969273501B40013B093 /* Release */ = {
			isa = XCBuildConfiguration;
			buildSettings = {
				ALWAYS_EMBED_SWIFT_STANDARD_LIBRARIES = YES;
				BUNDLE_LOADER = "$(TEST_HOST)";
				CODE_SIGN_STYLE = Automatic;
				CURRENT_PROJECT_VERSION = 1;
				DEVELOPMENT_TEAM = T5T228SHK5;
				GENERATE_INFOPLIST_FILE = YES;
				IPHONEOS_DEPLOYMENT_TARGET = 14.0;
				LD_RUNPATH_SEARCH_PATHS = (
					"$(inherited)",
					"@executable_path/Frameworks",
					"@loader_path/Frameworks",
				);
				MARKETING_VERSION = 1.0;
				PRODUCT_BUNDLE_IDENTIFIER = com.tsustudy.WordsFactoryTests;
				PRODUCT_NAME = "$(TARGET_NAME)";
				SWIFT_EMIT_LOC_STRINGS = NO;
				SWIFT_VERSION = 5.0;
				TARGETED_DEVICE_FAMILY = "1,2";
				TEST_HOST = "$(BUILT_PRODUCTS_DIR)/WordsFactory.app/WordsFactory";
			};
			name = Release;
		};
		72FA396B273501B40013B093 /* Debug */ = {
			isa = XCBuildConfiguration;
			buildSettings = {
				ALWAYS_EMBED_SWIFT_STANDARD_LIBRARIES = YES;
				CODE_SIGN_STYLE = Automatic;
				CURRENT_PROJECT_VERSION = 1;
				DEVELOPMENT_TEAM = T5T228SHK5;
				GENERATE_INFOPLIST_FILE = YES;
				LD_RUNPATH_SEARCH_PATHS = (
					"$(inherited)",
					"@executable_path/Frameworks",
					"@loader_path/Frameworks",
				);
				MARKETING_VERSION = 1.0;
				PRODUCT_BUNDLE_IDENTIFIER = com.tsustudy.WordsFactoryUITests;
				PRODUCT_NAME = "$(TARGET_NAME)";
				SWIFT_EMIT_LOC_STRINGS = NO;
				SWIFT_VERSION = 5.0;
				TARGETED_DEVICE_FAMILY = "1,2";
				TEST_TARGET_NAME = WordsFactory;
			};
			name = Debug;
		};
		72FA396C273501B40013B093 /* Release */ = {
			isa = XCBuildConfiguration;
			buildSettings = {
				ALWAYS_EMBED_SWIFT_STANDARD_LIBRARIES = YES;
				CODE_SIGN_STYLE = Automatic;
				CURRENT_PROJECT_VERSION = 1;
				DEVELOPMENT_TEAM = T5T228SHK5;
				GENERATE_INFOPLIST_FILE = YES;
				LD_RUNPATH_SEARCH_PATHS = (
					"$(inherited)",
					"@executable_path/Frameworks",
					"@loader_path/Frameworks",
				);
				MARKETING_VERSION = 1.0;
				PRODUCT_BUNDLE_IDENTIFIER = com.tsustudy.WordsFactoryUITests;
				PRODUCT_NAME = "$(TARGET_NAME)";
				SWIFT_EMIT_LOC_STRINGS = NO;
				SWIFT_VERSION = 5.0;
				TARGETED_DEVICE_FAMILY = "1,2";
				TEST_TARGET_NAME = WordsFactory;
			};
			name = Release;
		};
		72FA39F827356E1D0013B093 /* Debug */ = {
			isa = XCBuildConfiguration;
			buildSettings = {
				ASSETCATALOG_COMPILER_GLOBAL_ACCENT_COLOR_NAME = AccentColor;
				ASSETCATALOG_COMPILER_WIDGET_BACKGROUND_COLOR_NAME = WidgetBackground;
				CODE_SIGN_ENTITLEMENTS = WordsWidgetExtension.entitlements;
				CODE_SIGN_STYLE = Automatic;
				CURRENT_PROJECT_VERSION = 1;
				DEVELOPMENT_TEAM = T5T228SHK5;
				GENERATE_INFOPLIST_FILE = YES;
				INFOPLIST_FILE = WordsWidget/Info.plist;
				INFOPLIST_KEY_CFBundleDisplayName = WordsWidget;
				INFOPLIST_KEY_NSHumanReadableCopyright = "";
				IPHONEOS_DEPLOYMENT_TARGET = 15.0;
				LD_RUNPATH_SEARCH_PATHS = (
					"$(inherited)",
					"@executable_path/Frameworks",
					"@executable_path/../../Frameworks",
				);
				MARKETING_VERSION = 1.0;
				PRODUCT_BUNDLE_IDENTIFIER = com.tsustudy.WordsFactory.WordsWidget;
				PRODUCT_NAME = "$(TARGET_NAME)";
				SKIP_INSTALL = YES;
				SWIFT_EMIT_LOC_STRINGS = YES;
				SWIFT_VERSION = 5.0;
				TARGETED_DEVICE_FAMILY = "1,2";
			};
			name = Debug;
		};
		72FA39F927356E1D0013B093 /* Release */ = {
			isa = XCBuildConfiguration;
			buildSettings = {
				ASSETCATALOG_COMPILER_GLOBAL_ACCENT_COLOR_NAME = AccentColor;
				ASSETCATALOG_COMPILER_WIDGET_BACKGROUND_COLOR_NAME = WidgetBackground;
				CODE_SIGN_ENTITLEMENTS = WordsWidgetExtension.entitlements;
				CODE_SIGN_STYLE = Automatic;
				CURRENT_PROJECT_VERSION = 1;
				DEVELOPMENT_TEAM = T5T228SHK5;
				GENERATE_INFOPLIST_FILE = YES;
				INFOPLIST_FILE = WordsWidget/Info.plist;
				INFOPLIST_KEY_CFBundleDisplayName = WordsWidget;
				INFOPLIST_KEY_NSHumanReadableCopyright = "";
				IPHONEOS_DEPLOYMENT_TARGET = 15.0;
				LD_RUNPATH_SEARCH_PATHS = (
					"$(inherited)",
					"@executable_path/Frameworks",
					"@executable_path/../../Frameworks",
				);
				MARKETING_VERSION = 1.0;
				PRODUCT_BUNDLE_IDENTIFIER = com.tsustudy.WordsFactory.WordsWidget;
				PRODUCT_NAME = "$(TARGET_NAME)";
				SKIP_INSTALL = YES;
				SWIFT_EMIT_LOC_STRINGS = YES;
				SWIFT_VERSION = 5.0;
				TARGETED_DEVICE_FAMILY = "1,2";
			};
			name = Release;
		};
		72FA3A3E2735740C0013B093 /* Debug */ = {
			isa = XCBuildConfiguration;
			buildSettings = {
				ASSETCATALOG_COMPILER_COMPLICATION_NAME = Complication;
				CODE_SIGN_STYLE = Automatic;
				CURRENT_PROJECT_VERSION = 1;
				DEVELOPMENT_ASSET_PATHS = "\"WordsWatch WatchKit Extension/Preview Content\"";
				DEVELOPMENT_TEAM = T5T228SHK5;
				ENABLE_PREVIEWS = YES;
				GENERATE_INFOPLIST_FILE = YES;
				INFOPLIST_FILE = "WordsWatch WatchKit Extension/Info.plist";
				INFOPLIST_KEY_CFBundleDisplayName = "WordsWatch WatchKit Extension";
				INFOPLIST_KEY_CLKComplicationPrincipalClass = "$(PRODUCT_MODULE_NAME).ComplicationController";
				INFOPLIST_KEY_NSHumanReadableCopyright = "";
				LD_RUNPATH_SEARCH_PATHS = (
					"$(inherited)",
					"@executable_path/Frameworks",
					"@executable_path/../../Frameworks",
				);
				MARKETING_VERSION = 1.0;
				PRODUCT_BUNDLE_IDENTIFIER = com.tsustudy.WordsFactory.watchkitapp.watchkitextension;
				PRODUCT_NAME = "${TARGET_NAME}";
				SDKROOT = watchos;
				SKIP_INSTALL = YES;
				SWIFT_EMIT_LOC_STRINGS = YES;
				SWIFT_VERSION = 5.0;
				TARGETED_DEVICE_FAMILY = 4;
				WATCHOS_DEPLOYMENT_TARGET = 8.0;
			};
			name = Debug;
		};
		72FA3A3F2735740C0013B093 /* Release */ = {
			isa = XCBuildConfiguration;
			buildSettings = {
				ASSETCATALOG_COMPILER_COMPLICATION_NAME = Complication;
				CODE_SIGN_STYLE = Automatic;
				CURRENT_PROJECT_VERSION = 1;
				DEVELOPMENT_ASSET_PATHS = "\"WordsWatch WatchKit Extension/Preview Content\"";
				DEVELOPMENT_TEAM = T5T228SHK5;
				ENABLE_PREVIEWS = YES;
				GENERATE_INFOPLIST_FILE = YES;
				INFOPLIST_FILE = "WordsWatch WatchKit Extension/Info.plist";
				INFOPLIST_KEY_CFBundleDisplayName = "WordsWatch WatchKit Extension";
				INFOPLIST_KEY_CLKComplicationPrincipalClass = "$(PRODUCT_MODULE_NAME).ComplicationController";
				INFOPLIST_KEY_NSHumanReadableCopyright = "";
				LD_RUNPATH_SEARCH_PATHS = (
					"$(inherited)",
					"@executable_path/Frameworks",
					"@executable_path/../../Frameworks",
				);
				MARKETING_VERSION = 1.0;
				PRODUCT_BUNDLE_IDENTIFIER = com.tsustudy.WordsFactory.watchkitapp.watchkitextension;
				PRODUCT_NAME = "${TARGET_NAME}";
				SDKROOT = watchos;
				SKIP_INSTALL = YES;
				SWIFT_EMIT_LOC_STRINGS = YES;
				SWIFT_VERSION = 5.0;
				TARGETED_DEVICE_FAMILY = 4;
				WATCHOS_DEPLOYMENT_TARGET = 8.0;
			};
			name = Release;
		};
		72FA3A422735740C0013B093 /* Debug */ = {
			isa = XCBuildConfiguration;
			buildSettings = {
				ALWAYS_EMBED_SWIFT_STANDARD_LIBRARIES = YES;
				ASSETCATALOG_COMPILER_APPICON_NAME = AppIcon;
				ASSETCATALOG_COMPILER_GLOBAL_ACCENT_COLOR_NAME = AccentColor;
				CODE_SIGN_STYLE = Automatic;
				CURRENT_PROJECT_VERSION = 1;
				DEVELOPMENT_TEAM = T5T228SHK5;
				GENERATE_INFOPLIST_FILE = YES;
				IBSC_MODULE = WordsWatch_WatchKit_Extension;
				INFOPLIST_KEY_CFBundleDisplayName = WordsWatch;
				INFOPLIST_KEY_UISupportedInterfaceOrientations = "UIInterfaceOrientationPortrait UIInterfaceOrientationPortraitUpsideDown";
				INFOPLIST_KEY_WKCompanionAppBundleIdentifier = com.tsustudy.WordsFactory;
				MARKETING_VERSION = 1.0;
				PRODUCT_BUNDLE_IDENTIFIER = com.tsustudy.WordsFactory.watchkitapp;
				PRODUCT_NAME = "$(TARGET_NAME)";
				SDKROOT = watchos;
				SKIP_INSTALL = YES;
				SWIFT_EMIT_LOC_STRINGS = YES;
				SWIFT_VERSION = 5.0;
				TARGETED_DEVICE_FAMILY = 4;
				WATCHOS_DEPLOYMENT_TARGET = 8.0;
			};
			name = Debug;
		};
		72FA3A432735740C0013B093 /* Release */ = {
			isa = XCBuildConfiguration;
			buildSettings = {
				ALWAYS_EMBED_SWIFT_STANDARD_LIBRARIES = YES;
				ASSETCATALOG_COMPILER_APPICON_NAME = AppIcon;
				ASSETCATALOG_COMPILER_GLOBAL_ACCENT_COLOR_NAME = AccentColor;
				CODE_SIGN_STYLE = Automatic;
				CURRENT_PROJECT_VERSION = 1;
				DEVELOPMENT_TEAM = T5T228SHK5;
				GENERATE_INFOPLIST_FILE = YES;
				IBSC_MODULE = WordsWatch_WatchKit_Extension;
				INFOPLIST_KEY_CFBundleDisplayName = WordsWatch;
				INFOPLIST_KEY_UISupportedInterfaceOrientations = "UIInterfaceOrientationPortrait UIInterfaceOrientationPortraitUpsideDown";
				INFOPLIST_KEY_WKCompanionAppBundleIdentifier = com.tsustudy.WordsFactory;
				MARKETING_VERSION = 1.0;
				PRODUCT_BUNDLE_IDENTIFIER = com.tsustudy.WordsFactory.watchkitapp;
				PRODUCT_NAME = "$(TARGET_NAME)";
				SDKROOT = watchos;
				SKIP_INSTALL = YES;
				SWIFT_EMIT_LOC_STRINGS = YES;
				SWIFT_VERSION = 5.0;
				TARGETED_DEVICE_FAMILY = 4;
				WATCHOS_DEPLOYMENT_TARGET = 8.0;
			};
			name = Release;
		};
		72FA3A462735740C0013B093 /* Debug */ = {
			isa = XCBuildConfiguration;
			buildSettings = {
				ALWAYS_EMBED_SWIFT_STANDARD_LIBRARIES = YES;
				BUNDLE_LOADER = "$(TEST_HOST)";
				CODE_SIGN_STYLE = Automatic;
				CURRENT_PROJECT_VERSION = 1;
				DEVELOPMENT_TEAM = T5T228SHK5;
				GENERATE_INFOPLIST_FILE = YES;
				LD_RUNPATH_SEARCH_PATHS = (
					"$(inherited)",
					"@executable_path/Frameworks",
					"@loader_path/Frameworks",
				);
				MARKETING_VERSION = 1.0;
				PRODUCT_BUNDLE_IDENTIFIER = com.tsustudy.WordsFactory.WordsWatchTests;
				PRODUCT_NAME = "$(TARGET_NAME)";
				SDKROOT = watchos;
				SWIFT_EMIT_LOC_STRINGS = NO;
				SWIFT_VERSION = 5.0;
				TARGETED_DEVICE_FAMILY = 4;
				TEST_HOST = "$(BUILT_PRODUCTS_DIR)/WordsWatch WatchKit Extension.appex/WordsWatch WatchKit Extension";
				WATCHOS_DEPLOYMENT_TARGET = 8.0;
			};
			name = Debug;
		};
		72FA3A472735740C0013B093 /* Release */ = {
			isa = XCBuildConfiguration;
			buildSettings = {
				ALWAYS_EMBED_SWIFT_STANDARD_LIBRARIES = YES;
				BUNDLE_LOADER = "$(TEST_HOST)";
				CODE_SIGN_STYLE = Automatic;
				CURRENT_PROJECT_VERSION = 1;
				DEVELOPMENT_TEAM = T5T228SHK5;
				GENERATE_INFOPLIST_FILE = YES;
				LD_RUNPATH_SEARCH_PATHS = (
					"$(inherited)",
					"@executable_path/Frameworks",
					"@loader_path/Frameworks",
				);
				MARKETING_VERSION = 1.0;
				PRODUCT_BUNDLE_IDENTIFIER = com.tsustudy.WordsFactory.WordsWatchTests;
				PRODUCT_NAME = "$(TARGET_NAME)";
				SDKROOT = watchos;
				SWIFT_EMIT_LOC_STRINGS = NO;
				SWIFT_VERSION = 5.0;
				TARGETED_DEVICE_FAMILY = 4;
				TEST_HOST = "$(BUILT_PRODUCTS_DIR)/WordsWatch WatchKit Extension.appex/WordsWatch WatchKit Extension";
				WATCHOS_DEPLOYMENT_TARGET = 8.0;
			};
			name = Release;
		};
		72FA3A492735740C0013B093 /* Debug */ = {
			isa = XCBuildConfiguration;
			buildSettings = {
				CODE_SIGN_STYLE = Automatic;
				CURRENT_PROJECT_VERSION = 1;
				DEVELOPMENT_TEAM = T5T228SHK5;
				GENERATE_INFOPLIST_FILE = YES;
				LD_RUNPATH_SEARCH_PATHS = (
					"$(inherited)",
					"@executable_path/Frameworks",
					"@loader_path/Frameworks",
				);
				MARKETING_VERSION = 1.0;
				PRODUCT_BUNDLE_IDENTIFIER = com.tsustudy.WordsFactory.WordsWatchUITests;
				PRODUCT_NAME = "$(TARGET_NAME)";
				SDKROOT = watchos;
				SWIFT_EMIT_LOC_STRINGS = NO;
				SWIFT_VERSION = 5.0;
				TARGETED_DEVICE_FAMILY = 4;
				TEST_TARGET_NAME = WordsWatch;
				WATCHOS_DEPLOYMENT_TARGET = 8.0;
			};
			name = Debug;
		};
		72FA3A4A2735740C0013B093 /* Release */ = {
			isa = XCBuildConfiguration;
			buildSettings = {
				CODE_SIGN_STYLE = Automatic;
				CURRENT_PROJECT_VERSION = 1;
				DEVELOPMENT_TEAM = T5T228SHK5;
				GENERATE_INFOPLIST_FILE = YES;
				LD_RUNPATH_SEARCH_PATHS = (
					"$(inherited)",
					"@executable_path/Frameworks",
					"@loader_path/Frameworks",
				);
				MARKETING_VERSION = 1.0;
				PRODUCT_BUNDLE_IDENTIFIER = com.tsustudy.WordsFactory.WordsWatchUITests;
				PRODUCT_NAME = "$(TARGET_NAME)";
				SDKROOT = watchos;
				SWIFT_EMIT_LOC_STRINGS = NO;
				SWIFT_VERSION = 5.0;
				TARGETED_DEVICE_FAMILY = 4;
				TEST_TARGET_NAME = WordsWatch;
				WATCHOS_DEPLOYMENT_TARGET = 8.0;
			};
			name = Release;
		};
/* End XCBuildConfiguration section */

/* Begin XCConfigurationList section */
		72FA3935273501B20013B093 /* Build configuration list for PBXProject "WordsFactory" */ = {
			isa = XCConfigurationList;
			buildConfigurations = (
				72FA3962273501B40013B093 /* Debug */,
				72FA3963273501B40013B093 /* Release */,
			);
			defaultConfigurationIsVisible = 0;
			defaultConfigurationName = Release;
		};
		72FA3964273501B40013B093 /* Build configuration list for PBXNativeTarget "WordsFactory" */ = {
			isa = XCConfigurationList;
			buildConfigurations = (
				72FA3965273501B40013B093 /* Debug */,
				72FA3966273501B40013B093 /* Release */,
			);
			defaultConfigurationIsVisible = 0;
			defaultConfigurationName = Release;
		};
		72FA3967273501B40013B093 /* Build configuration list for PBXNativeTarget "WordsFactoryTests" */ = {
			isa = XCConfigurationList;
			buildConfigurations = (
				72FA3968273501B40013B093 /* Debug */,
				72FA3969273501B40013B093 /* Release */,
			);
			defaultConfigurationIsVisible = 0;
			defaultConfigurationName = Release;
		};
		72FA396A273501B40013B093 /* Build configuration list for PBXNativeTarget "WordsFactoryUITests" */ = {
			isa = XCConfigurationList;
			buildConfigurations = (
				72FA396B273501B40013B093 /* Debug */,
				72FA396C273501B40013B093 /* Release */,
			);
			defaultConfigurationIsVisible = 0;
			defaultConfigurationName = Release;
		};
		72FA39F727356E1D0013B093 /* Build configuration list for PBXNativeTarget "WordsWidgetExtension" */ = {
			isa = XCConfigurationList;
			buildConfigurations = (
				72FA39F827356E1D0013B093 /* Debug */,
				72FA39F927356E1D0013B093 /* Release */,
			);
			defaultConfigurationIsVisible = 0;
			defaultConfigurationName = Release;
		};
		72FA3A3D2735740C0013B093 /* Build configuration list for PBXNativeTarget "WordsWatch WatchKit Extension" */ = {
			isa = XCConfigurationList;
			buildConfigurations = (
				72FA3A3E2735740C0013B093 /* Debug */,
				72FA3A3F2735740C0013B093 /* Release */,
			);
			defaultConfigurationIsVisible = 0;
			defaultConfigurationName = Release;
		};
		72FA3A412735740C0013B093 /* Build configuration list for PBXNativeTarget "WordsWatch" */ = {
			isa = XCConfigurationList;
			buildConfigurations = (
				72FA3A422735740C0013B093 /* Debug */,
				72FA3A432735740C0013B093 /* Release */,
			);
			defaultConfigurationIsVisible = 0;
			defaultConfigurationName = Release;
		};
		72FA3A452735740C0013B093 /* Build configuration list for PBXNativeTarget "WordsWatchTests" */ = {
			isa = XCConfigurationList;
			buildConfigurations = (
				72FA3A462735740C0013B093 /* Debug */,
				72FA3A472735740C0013B093 /* Release */,
			);
			defaultConfigurationIsVisible = 0;
			defaultConfigurationName = Release;
		};
		72FA3A482735740C0013B093 /* Build configuration list for PBXNativeTarget "WordsWatchUITests" */ = {
			isa = XCConfigurationList;
			buildConfigurations = (
				72FA3A492735740C0013B093 /* Debug */,
				72FA3A4A2735740C0013B093 /* Release */,
			);
			defaultConfigurationIsVisible = 0;
			defaultConfigurationName = Release;
		};
/* End XCConfigurationList section */

/* Begin XCRemoteSwiftPackageReference section */
		72FA396D273501E70013B093 /* XCRemoteSwiftPackageReference "Alamofire" */ = {
			isa = XCRemoteSwiftPackageReference;
			repositoryURL = "https://github.com/Alamofire/Alamofire";
			requirement = {
				kind = upToNextMajorVersion;
				minimumVersion = 5.0.0;
			};
		};
		72FA3970273502120013B093 /* XCRemoteSwiftPackageReference "PromiseKit" */ = {
			isa = XCRemoteSwiftPackageReference;
			repositoryURL = "https://github.com/mxcl/PromiseKit";
			requirement = {
				branch = v6;
				kind = branch;
			};
		};
		72FA3973273502220013B093 /* XCRemoteSwiftPackageReference "Kingfisher" */ = {
			isa = XCRemoteSwiftPackageReference;
			repositoryURL = "https://github.com/onevcat/Kingfisher";
			requirement = {
				kind = upToNextMajorVersion;
				minimumVersion = 7.0.0;
			};
		};
		72FA3976273502300013B093 /* XCRemoteSwiftPackageReference "SnapKit" */ = {
			isa = XCRemoteSwiftPackageReference;
			repositoryURL = "https://github.com/SnapKit/SnapKit";
			requirement = {
				kind = upToNextMajorVersion;
				minimumVersion = 5.0.0;
			};
		};
		72FA3979273502460013B093 /* XCRemoteSwiftPackageReference "Charts" */ = {
			isa = XCRemoteSwiftPackageReference;
			repositoryURL = "https://github.com/danielgindi/Charts";
			requirement = {
				kind = upToNextMajorVersion;
				minimumVersion = 4.0.0;
			};
		};
		72FA397C2735025A0013B093 /* XCRemoteSwiftPackageReference "MBProgressHUD" */ = {
			isa = XCRemoteSwiftPackageReference;
			repositoryURL = "https://github.com/jdg/MBProgressHUD";
			requirement = {
				kind = upToNextMajorVersion;
				minimumVersion = 1.0.0;
			};
		};
		72FA397F273502690013B093 /* XCRemoteSwiftPackageReference "TPKeyboardAvoiding" */ = {
			isa = XCRemoteSwiftPackageReference;
			repositoryURL = "https://github.com/michaeltyson/TPKeyboardAvoiding";
			requirement = {
				kind = upToNextMajorVersion;
				minimumVersion = 1.0.0;
			};
		};
/* End XCRemoteSwiftPackageReference section */

/* Begin XCSwiftPackageProductDependency section */
		72FA396E273501E70013B093 /* Alamofire */ = {
			isa = XCSwiftPackageProductDependency;
			package = 72FA396D273501E70013B093 /* XCRemoteSwiftPackageReference "Alamofire" */;
			productName = Alamofire;
		};
		72FA3971273502120013B093 /* PromiseKit */ = {
			isa = XCSwiftPackageProductDependency;
			package = 72FA3970273502120013B093 /* XCRemoteSwiftPackageReference "PromiseKit" */;
			productName = PromiseKit;
		};
		72FA3974273502220013B093 /* Kingfisher */ = {
			isa = XCSwiftPackageProductDependency;
			package = 72FA3973273502220013B093 /* XCRemoteSwiftPackageReference "Kingfisher" */;
			productName = Kingfisher;
		};
		72FA3977273502300013B093 /* SnapKit */ = {
			isa = XCSwiftPackageProductDependency;
			package = 72FA3976273502300013B093 /* XCRemoteSwiftPackageReference "SnapKit" */;
			productName = SnapKit;
		};
		72FA397A273502460013B093 /* Charts */ = {
			isa = XCSwiftPackageProductDependency;
			package = 72FA3979273502460013B093 /* XCRemoteSwiftPackageReference "Charts" */;
			productName = Charts;
		};
		72FA397D2735025A0013B093 /* MBProgressHUD */ = {
			isa = XCSwiftPackageProductDependency;
			package = 72FA397C2735025A0013B093 /* XCRemoteSwiftPackageReference "MBProgressHUD" */;
			productName = MBProgressHUD;
		};
		72FA3980273502690013B093 /* TPKeyboardAvoiding */ = {
			isa = XCSwiftPackageProductDependency;
			package = 72FA397F273502690013B093 /* XCRemoteSwiftPackageReference "TPKeyboardAvoiding" */;
			productName = TPKeyboardAvoiding;
		};
/* End XCSwiftPackageProductDependency section */
	};
	rootObject = 72FA3932273501B20013B093 /* Project object */;
}
