// !$*UTF8*$!
{
	archiveVersion = 1;
	classes = {
	};
	objectVersion = 55;
	objects = {

/* Begin PBXBuildFile section */
		72FA393E273501B20013B093 /* AppDelegate.swift in Sources */ = {isa = PBXBuildFile; fileRef = 72FA393D273501B20013B093 /* AppDelegate.swift */; };
		72FA3940273501B20013B093 /* SceneDelegate.swift in Sources */ = {isa = PBXBuildFile; fileRef = 72FA393F273501B20013B093 /* SceneDelegate.swift */; };
		72FA3942273501B20013B093 /* ViewController.swift in Sources */ = {isa = PBXBuildFile; fileRef = 72FA3941273501B20013B093 /* ViewController.swift */; };
		72FA3945273501B20013B093 /* Main.storyboard in Resources */ = {isa = PBXBuildFile; fileRef = 72FA3943273501B20013B093 /* Main.storyboard */; };
		72FA3947273501B40013B093 /* Assets.xcassets in Resources */ = {isa = PBXBuildFile; fileRef = 72FA3946273501B40013B093 /* Assets.xcassets */; };
		72FA394A273501B40013B093 /* LaunchScreen.storyboard in Resources */ = {isa = PBXBuildFile; fileRef = 72FA3948273501B40013B093 /* LaunchScreen.storyboard */; };
		72FA3955273501B40013B093 /* WordsFactoryTests.swift in Sources */ = {isa = PBXBuildFile; fileRef = 72FA3954273501B40013B093 /* WordsFactoryTests.swift */; };
		72FA395F273501B40013B093 /* WordsFactoryUITests.swift in Sources */ = {isa = PBXBuildFile; fileRef = 72FA395E273501B40013B093 /* WordsFactoryUITests.swift */; };
		72FA3961273501B40013B093 /* WordsFactoryUITestsLaunchTests.swift in Sources */ = {isa = PBXBuildFile; fileRef = 72FA3960273501B40013B093 /* WordsFactoryUITestsLaunchTests.swift */; };
		72FA396F273501E70013B093 /* Alamofire in Frameworks */ = {isa = PBXBuildFile; productRef = 72FA396E273501E70013B093 /* Alamofire */; };
		72FA3972273502120013B093 /* PromiseKit in Frameworks */ = {isa = PBXBuildFile; productRef = 72FA3971273502120013B093 /* PromiseKit */; };
		72FA3975273502220013B093 /* Kingfisher in Frameworks */ = {isa = PBXBuildFile; productRef = 72FA3974273502220013B093 /* Kingfisher */; };
		72FA3978273502300013B093 /* SnapKit in Frameworks */ = {isa = PBXBuildFile; productRef = 72FA3977273502300013B093 /* SnapKit */; };
		72FA397B273502460013B093 /* Charts in Frameworks */ = {isa = PBXBuildFile; productRef = 72FA397A273502460013B093 /* Charts */; };
		72FA397E2735025A0013B093 /* MBProgressHUD in Frameworks */ = {isa = PBXBuildFile; productRef = 72FA397D2735025A0013B093 /* MBProgressHUD */; };
		72FA3981273502690013B093 /* TPKeyboardAvoiding in Frameworks */ = {isa = PBXBuildFile; productRef = 72FA3980273502690013B093 /* TPKeyboardAvoiding */; };
		72FA39882735140E0013B093 /* Rubik-Bold.ttf in Resources */ = {isa = PBXBuildFile; fileRef = 72FA39852735140E0013B093 /* Rubik-Bold.ttf */; };
		72FA39892735140E0013B093 /* Rubik-Medium.ttf in Resources */ = {isa = PBXBuildFile; fileRef = 72FA39862735140E0013B093 /* Rubik-Medium.ttf */; };
		72FA398A2735140E0013B093 /* Rubik-Regular.ttf in Resources */ = {isa = PBXBuildFile; fileRef = 72FA39872735140E0013B093 /* Rubik-Regular.ttf */; };
		72FA398C273514350013B093 /* Fonts.swift in Sources */ = {isa = PBXBuildFile; fileRef = 72FA398B273514350013B093 /* Fonts.swift */; };
		72FA3990273514CD0013B093 /* DictionaryViewController.swift in Sources */ = {isa = PBXBuildFile; fileRef = 72FA398F273514CD0013B093 /* DictionaryViewController.swift */; };
		72FA3992273514D70013B093 /* DictionaryViewModel.swift in Sources */ = {isa = PBXBuildFile; fileRef = 72FA3991273514D70013B093 /* DictionaryViewModel.swift */; };
		72FA3994273514E90013B093 /* BaseViewController.swift in Sources */ = {isa = PBXBuildFile; fileRef = 72FA3993273514E90013B093 /* BaseViewController.swift */; };
		72FA39962735151D0013B093 /* DictPlaceholderView.swift in Sources */ = {isa = PBXBuildFile; fileRef = 72FA39952735151D0013B093 /* DictPlaceholderView.swift */; };
		72FA3998273515B70013B093 /* Colors.swift in Sources */ = {isa = PBXBuildFile; fileRef = 72FA3997273515B70013B093 /* Colors.swift */; };
		72FA399A273516FD0013B093 /* TextField.swift in Sources */ = {isa = PBXBuildFile; fileRef = 72FA3999273516FD0013B093 /* TextField.swift */; };
		72FA399D273518C20013B093 /* DictionaryServiceProxy.swift in Sources */ = {isa = PBXBuildFile; fileRef = 72FA399C273518C20013B093 /* DictionaryServiceProxy.swift */; };
		72FA399F273518F40013B093 /* DictionaryRemoteServiceSingletone.swift in Sources */ = {isa = PBXBuildFile; fileRef = 72FA399E273518F40013B093 /* DictionaryRemoteServiceSingletone.swift */; };
		72FA39A1273519010013B093 /* DictionaryLocalServiceSingletone.swift in Sources */ = {isa = PBXBuildFile; fileRef = 72FA39A0273519010013B093 /* DictionaryLocalServiceSingletone.swift */; };
		72FA39A4273519490013B093 /* Word.swift in Sources */ = {isa = PBXBuildFile; fileRef = 72FA39A3273519490013B093 /* Word.swift */; };
		72FA39A62735219C0013B093 /* MeaningView.swift in Sources */ = {isa = PBXBuildFile; fileRef = 72FA39A52735219C0013B093 /* MeaningView.swift */; };
		72FA39AB273522520013B093 /* MeaningViewModel.swift in Sources */ = {isa = PBXBuildFile; fileRef = 72FA39AA273522520013B093 /* MeaningViewModel.swift */; };
		72FA39AD273524AD0013B093 /* CommonButton.swift in Sources */ = {isa = PBXBuildFile; fileRef = 72FA39AC273524AD0013B093 /* CommonButton.swift */; };
		72FA39AF2735284E0013B093 /* TabBarView.swift in Sources */ = {isa = PBXBuildFile; fileRef = 72FA39AE2735284E0013B093 /* TabBarView.swift */; };
		72FA39B227352CB40013B093 /* TabBarItemView.swift in Sources */ = {isa = PBXBuildFile; fileRef = 72FA39B127352CB40013B093 /* TabBarItemView.swift */; };
		72FA39B427352D970013B093 /* TabType.swift in Sources */ = {isa = PBXBuildFile; fileRef = 72FA39B327352D970013B093 /* TabType.swift */; };
		72FA39B627352E780013B093 /* TabBarFactory.swift in Sources */ = {isa = PBXBuildFile; fileRef = 72FA39B527352E780013B093 /* TabBarFactory.swift */; };
		72FA39B927352FDE0013B093 /* VideoViewController.swift in Sources */ = {isa = PBXBuildFile; fileRef = 72FA39B827352FDE0013B093 /* VideoViewController.swift */; };
		72FA39BD273530D20013B093 /* VideoViewModel.swift in Sources */ = {isa = PBXBuildFile; fileRef = 72FA39BC273530D20013B093 /* VideoViewModel.swift */; };
/* End PBXBuildFile section */

/* Begin PBXContainerItemProxy section */
		72FA3951273501B40013B093 /* PBXContainerItemProxy */ = {
			isa = PBXContainerItemProxy;
			containerPortal = 72FA3932273501B20013B093 /* Project object */;
			proxyType = 1;
			remoteGlobalIDString = 72FA3939273501B20013B093;
			remoteInfo = WordsFactory;
		};
		72FA395B273501B40013B093 /* PBXContainerItemProxy */ = {
			isa = PBXContainerItemProxy;
			containerPortal = 72FA3932273501B20013B093 /* Project object */;
			proxyType = 1;
			remoteGlobalIDString = 72FA3939273501B20013B093;
			remoteInfo = WordsFactory;
		};
/* End PBXContainerItemProxy section */

/* Begin PBXFileReference section */
		72FA393A273501B20013B093 /* WordsFactory.app */ = {isa = PBXFileReference; explicitFileType = wrapper.application; includeInIndex = 0; path = WordsFactory.app; sourceTree = BUILT_PRODUCTS_DIR; };
		72FA393D273501B20013B093 /* AppDelegate.swift */ = {isa = PBXFileReference; lastKnownFileType = sourcecode.swift; path = AppDelegate.swift; sourceTree = "<group>"; };
		72FA393F273501B20013B093 /* SceneDelegate.swift */ = {isa = PBXFileReference; lastKnownFileType = sourcecode.swift; path = SceneDelegate.swift; sourceTree = "<group>"; };
		72FA3941273501B20013B093 /* ViewController.swift */ = {isa = PBXFileReference; lastKnownFileType = sourcecode.swift; path = ViewController.swift; sourceTree = "<group>"; };
		72FA3944273501B20013B093 /* Base */ = {isa = PBXFileReference; lastKnownFileType = file.storyboard; name = Base; path = Base.lproj/Main.storyboard; sourceTree = "<group>"; };
		72FA3946273501B40013B093 /* Assets.xcassets */ = {isa = PBXFileReference; lastKnownFileType = folder.assetcatalog; path = Assets.xcassets; sourceTree = "<group>"; };
		72FA3949273501B40013B093 /* Base */ = {isa = PBXFileReference; lastKnownFileType = file.storyboard; name = Base; path = Base.lproj/LaunchScreen.storyboard; sourceTree = "<group>"; };
		72FA394B273501B40013B093 /* Info.plist */ = {isa = PBXFileReference; lastKnownFileType = text.plist.xml; path = Info.plist; sourceTree = "<group>"; };
		72FA3950273501B40013B093 /* WordsFactoryTests.xctest */ = {isa = PBXFileReference; explicitFileType = wrapper.cfbundle; includeInIndex = 0; path = WordsFactoryTests.xctest; sourceTree = BUILT_PRODUCTS_DIR; };
		72FA3954273501B40013B093 /* WordsFactoryTests.swift */ = {isa = PBXFileReference; lastKnownFileType = sourcecode.swift; path = WordsFactoryTests.swift; sourceTree = "<group>"; };
		72FA395A273501B40013B093 /* WordsFactoryUITests.xctest */ = {isa = PBXFileReference; explicitFileType = wrapper.cfbundle; includeInIndex = 0; path = WordsFactoryUITests.xctest; sourceTree = BUILT_PRODUCTS_DIR; };
		72FA395E273501B40013B093 /* WordsFactoryUITests.swift */ = {isa = PBXFileReference; lastKnownFileType = sourcecode.swift; path = WordsFactoryUITests.swift; sourceTree = "<group>"; };
		72FA3960273501B40013B093 /* WordsFactoryUITestsLaunchTests.swift */ = {isa = PBXFileReference; lastKnownFileType = sourcecode.swift; path = WordsFactoryUITestsLaunchTests.swift; sourceTree = "<group>"; };
		72FA39852735140E0013B093 /* Rubik-Bold.ttf */ = {isa = PBXFileReference; lastKnownFileType = file; path = "Rubik-Bold.ttf"; sourceTree = "<group>"; };
		72FA39862735140E0013B093 /* Rubik-Medium.ttf */ = {isa = PBXFileReference; lastKnownFileType = file; path = "Rubik-Medium.ttf"; sourceTree = "<group>"; };
		72FA39872735140E0013B093 /* Rubik-Regular.ttf */ = {isa = PBXFileReference; lastKnownFileType = file; path = "Rubik-Regular.ttf"; sourceTree = "<group>"; };
		72FA398B273514350013B093 /* Fonts.swift */ = {isa = PBXFileReference; lastKnownFileType = sourcecode.swift; path = Fonts.swift; sourceTree = "<group>"; };
		72FA398F273514CD0013B093 /* DictionaryViewController.swift */ = {isa = PBXFileReference; lastKnownFileType = sourcecode.swift; path = DictionaryViewController.swift; sourceTree = "<group>"; };
		72FA3991273514D70013B093 /* DictionaryViewModel.swift */ = {isa = PBXFileReference; lastKnownFileType = sourcecode.swift; path = DictionaryViewModel.swift; sourceTree = "<group>"; };
		72FA3993273514E90013B093 /* BaseViewController.swift */ = {isa = PBXFileReference; lastKnownFileType = sourcecode.swift; path = BaseViewController.swift; sourceTree = "<group>"; };
		72FA39952735151D0013B093 /* DictPlaceholderView.swift */ = {isa = PBXFileReference; lastKnownFileType = sourcecode.swift; path = DictPlaceholderView.swift; sourceTree = "<group>"; };
		72FA3997273515B70013B093 /* Colors.swift */ = {isa = PBXFileReference; lastKnownFileType = sourcecode.swift; path = Colors.swift; sourceTree = "<group>"; };
		72FA3999273516FD0013B093 /* TextField.swift */ = {isa = PBXFileReference; lastKnownFileType = sourcecode.swift; path = TextField.swift; sourceTree = "<group>"; };
		72FA399C273518C20013B093 /* DictionaryServiceProxy.swift */ = {isa = PBXFileReference; lastKnownFileType = sourcecode.swift; path = DictionaryServiceProxy.swift; sourceTree = "<group>"; };
		72FA399E273518F40013B093 /* DictionaryRemoteServiceSingletone.swift */ = {isa = PBXFileReference; lastKnownFileType = sourcecode.swift; path = DictionaryRemoteServiceSingletone.swift; sourceTree = "<group>"; };
		72FA39A0273519010013B093 /* DictionaryLocalServiceSingletone.swift */ = {isa = PBXFileReference; lastKnownFileType = sourcecode.swift; path = DictionaryLocalServiceSingletone.swift; sourceTree = "<group>"; };
		72FA39A3273519490013B093 /* Word.swift */ = {isa = PBXFileReference; lastKnownFileType = sourcecode.swift; path = Word.swift; sourceTree = "<group>"; };
		72FA39A52735219C0013B093 /* MeaningView.swift */ = {isa = PBXFileReference; lastKnownFileType = sourcecode.swift; path = MeaningView.swift; sourceTree = "<group>"; };
		72FA39AA273522520013B093 /* MeaningViewModel.swift */ = {isa = PBXFileReference; lastKnownFileType = sourcecode.swift; path = MeaningViewModel.swift; sourceTree = "<group>"; };
		72FA39AC273524AD0013B093 /* CommonButton.swift */ = {isa = PBXFileReference; lastKnownFileType = sourcecode.swift; path = CommonButton.swift; sourceTree = "<group>"; };
		72FA39AE2735284E0013B093 /* TabBarView.swift */ = {isa = PBXFileReference; lastKnownFileType = sourcecode.swift; path = TabBarView.swift; sourceTree = "<group>"; };
		72FA39B127352CB40013B093 /* TabBarItemView.swift */ = {isa = PBXFileReference; lastKnownFileType = sourcecode.swift; path = TabBarItemView.swift; sourceTree = "<group>"; };
		72FA39B327352D970013B093 /* TabType.swift */ = {isa = PBXFileReference; lastKnownFileType = sourcecode.swift; path = TabType.swift; sourceTree = "<group>"; };
		72FA39B527352E780013B093 /* TabBarFactory.swift */ = {isa = PBXFileReference; lastKnownFileType = sourcecode.swift; path = TabBarFactory.swift; sourceTree = "<group>"; };
		72FA39B827352FDE0013B093 /* VideoViewController.swift */ = {isa = PBXFileReference; lastKnownFileType = sourcecode.swift; path = VideoViewController.swift; sourceTree = "<group>"; };
		72FA39BC273530D20013B093 /* VideoViewModel.swift */ = {isa = PBXFileReference; lastKnownFileType = sourcecode.swift; path = VideoViewModel.swift; sourceTree = "<group>"; };
/* End PBXFileReference section */

/* Begin PBXFrameworksBuildPhase section */
		72FA3937273501B20013B093 /* Frameworks */ = {
			isa = PBXFrameworksBuildPhase;
			buildActionMask = 2147483647;
			files = (
				72FA3981273502690013B093 /* TPKeyboardAvoiding in Frameworks */,
				72FA397E2735025A0013B093 /* MBProgressHUD in Frameworks */,
				72FA397B273502460013B093 /* Charts in Frameworks */,
				72FA3975273502220013B093 /* Kingfisher in Frameworks */,
				72FA3978273502300013B093 /* SnapKit in Frameworks */,
				72FA396F273501E70013B093 /* Alamofire in Frameworks */,
				72FA3972273502120013B093 /* PromiseKit in Frameworks */,
			);
			runOnlyForDeploymentPostprocessing = 0;
		};
		72FA394D273501B40013B093 /* Frameworks */ = {
			isa = PBXFrameworksBuildPhase;
			buildActionMask = 2147483647;
			files = (
			);
			runOnlyForDeploymentPostprocessing = 0;
		};
		72FA3957273501B40013B093 /* Frameworks */ = {
			isa = PBXFrameworksBuildPhase;
			buildActionMask = 2147483647;
			files = (
			);
			runOnlyForDeploymentPostprocessing = 0;
		};
/* End PBXFrameworksBuildPhase section */

/* Begin PBXGroup section */
		72FA3931273501B20013B093 = {
			isa = PBXGroup;
			children = (
				72FA393C273501B20013B093 /* WordsFactory */,
				72FA3953273501B40013B093 /* WordsFactoryTests */,
				72FA395D273501B40013B093 /* WordsFactoryUITests */,
				72FA393B273501B20013B093 /* Products */,
			);
			sourceTree = "<group>";
		};
		72FA393B273501B20013B093 /* Products */ = {
			isa = PBXGroup;
			children = (
				72FA393A273501B20013B093 /* WordsFactory.app */,
				72FA3950273501B40013B093 /* WordsFactoryTests.xctest */,
				72FA395A273501B40013B093 /* WordsFactoryUITests.xctest */,
			);
			name = Products;
			sourceTree = "<group>";
		};
		72FA393C273501B20013B093 /* WordsFactory */ = {
			isa = PBXGroup;
			children = (
				72FA39A22735193D0013B093 /* Model */,
				72FA399B273518A40013B093 /* Services */,
				72FA398D273514740013B093 /* Scenes */,
				72FA3984273513E30013B093 /* Common */,
				72FA3983273513DD0013B093 /* Fonts */,
				72FA3982273513D10013B093 /* Application */,
				72FA394B273501B40013B093 /* Info.plist */,
			);
			path = WordsFactory;
			sourceTree = "<group>";
		};
		72FA3953273501B40013B093 /* WordsFactoryTests */ = {
			isa = PBXGroup;
			children = (
				72FA3954273501B40013B093 /* WordsFactoryTests.swift */,
			);
			path = WordsFactoryTests;
			sourceTree = "<group>";
		};
		72FA395D273501B40013B093 /* WordsFactoryUITests */ = {
			isa = PBXGroup;
			children = (
				72FA395E273501B40013B093 /* WordsFactoryUITests.swift */,
				72FA3960273501B40013B093 /* WordsFactoryUITestsLaunchTests.swift */,
			);
			path = WordsFactoryUITests;
			sourceTree = "<group>";
		};
		72FA3982273513D10013B093 /* Application */ = {
			isa = PBXGroup;
			children = (
				72FA393D273501B20013B093 /* AppDelegate.swift */,
				72FA393F273501B20013B093 /* SceneDelegate.swift */,
				72FA3941273501B20013B093 /* ViewController.swift */,
				72FA3943273501B20013B093 /* Main.storyboard */,
				72FA3946273501B40013B093 /* Assets.xcassets */,
				72FA3948273501B40013B093 /* LaunchScreen.storyboard */,
			);
			path = Application;
			sourceTree = "<group>";
		};
		72FA3983273513DD0013B093 /* Fonts */ = {
			isa = PBXGroup;
			children = (
				72FA39852735140E0013B093 /* Rubik-Bold.ttf */,
				72FA39862735140E0013B093 /* Rubik-Medium.ttf */,
				72FA39872735140E0013B093 /* Rubik-Regular.ttf */,
			);
			path = Fonts;
			sourceTree = "<group>";
		};
		72FA3984273513E30013B093 /* Common */ = {
			isa = PBXGroup;
			children = (
				72FA39B027352C9F0013B093 /* Tab Bar */,
				72FA398B273514350013B093 /* Fonts.swift */,
				72FA3993273514E90013B093 /* BaseViewController.swift */,
				72FA3997273515B70013B093 /* Colors.swift */,
				72FA3999273516FD0013B093 /* TextField.swift */,
				72FA39AC273524AD0013B093 /* CommonButton.swift */,
			);
			path = Common;
			sourceTree = "<group>";
		};
		72FA398D273514740013B093 /* Scenes */ = {
			isa = PBXGroup;
			children = (
				72FA39B727352FC80013B093 /* Video */,
				72FA398E273514BA0013B093 /* Dictionary */,
			);
			path = Scenes;
			sourceTree = "<group>";
		};
		72FA398E273514BA0013B093 /* Dictionary */ = {
			isa = PBXGroup;
			children = (
				72FA39A92735223F0013B093 /* View  */,
				72FA39A8273522350013B093 /* View Model */,
			);
			path = Dictionary;
			sourceTree = "<group>";
		};
		72FA399B273518A40013B093 /* Services */ = {
			isa = PBXGroup;
			children = (
				72FA399C273518C20013B093 /* DictionaryServiceProxy.swift */,
				72FA399E273518F40013B093 /* DictionaryRemoteServiceSingletone.swift */,
				72FA39A0273519010013B093 /* DictionaryLocalServiceSingletone.swift */,
			);
			path = Services;
			sourceTree = "<group>";
		};
		72FA39A22735193D0013B093 /* Model */ = {
			isa = PBXGroup;
			children = (
				72FA39A3273519490013B093 /* Word.swift */,
			);
			path = Model;
			sourceTree = "<group>";
		};
		72FA39A8273522350013B093 /* View Model */ = {
			isa = PBXGroup;
			children = (
				72FA3991273514D70013B093 /* DictionaryViewModel.swift */,
				72FA39AA273522520013B093 /* MeaningViewModel.swift */,
			);
			path = "View Model";
			sourceTree = "<group>";
		};
		72FA39A92735223F0013B093 /* View  */ = {
			isa = PBXGroup;
			children = (
				72FA398F273514CD0013B093 /* DictionaryViewController.swift */,
				72FA39952735151D0013B093 /* DictPlaceholderView.swift */,
				72FA39A52735219C0013B093 /* MeaningView.swift */,
			);
			path = "View ";
			sourceTree = "<group>";
		};
		72FA39B027352C9F0013B093 /* Tab Bar */ = {
			isa = PBXGroup;
			children = (
				72FA39AE2735284E0013B093 /* TabBarView.swift */,
				72FA39B127352CB40013B093 /* TabBarItemView.swift */,
				72FA39B327352D970013B093 /* TabType.swift */,
				72FA39B527352E780013B093 /* TabBarFactory.swift */,
			);
			path = "Tab Bar";
			sourceTree = "<group>";
		};
		72FA39B727352FC80013B093 /* Video */ = {
			isa = PBXGroup;
			children = (
				72FA39BB273530C00013B093 /* View Model */,
				72FA39BA273530BC0013B093 /* View */,
			);
			path = Video;
			sourceTree = "<group>";
		};
		72FA39BA273530BC0013B093 /* View */ = {
			isa = PBXGroup;
			children = (
				72FA39B827352FDE0013B093 /* VideoViewController.swift */,
			);
			path = View;
			sourceTree = "<group>";
		};
		72FA39BB273530C00013B093 /* View Model */ = {
			isa = PBXGroup;
			children = (
				72FA39BC273530D20013B093 /* VideoViewModel.swift */,
			);
			path = "View Model";
			sourceTree = "<group>";
		};
/* End PBXGroup section */

/* Begin PBXNativeTarget section */
		72FA3939273501B20013B093 /* WordsFactory */ = {
			isa = PBXNativeTarget;
			buildConfigurationList = 72FA3964273501B40013B093 /* Build configuration list for PBXNativeTarget "WordsFactory" */;
			buildPhases = (
				72FA3936273501B20013B093 /* Sources */,
				72FA3937273501B20013B093 /* Frameworks */,
				72FA3938273501B20013B093 /* Resources */,
			);
			buildRules = (
			);
			dependencies = (
			);
			name = WordsFactory;
			packageProductDependencies = (
				72FA396E273501E70013B093 /* Alamofire */,
				72FA3971273502120013B093 /* PromiseKit */,
				72FA3974273502220013B093 /* Kingfisher */,
				72FA3977273502300013B093 /* SnapKit */,
				72FA397A273502460013B093 /* Charts */,
				72FA397D2735025A0013B093 /* MBProgressHUD */,
				72FA3980273502690013B093 /* TPKeyboardAvoiding */,
			);
			productName = WordsFactory;
			productReference = 72FA393A273501B20013B093 /* WordsFactory.app */;
			productType = "com.apple.product-type.application";
		};
		72FA394F273501B40013B093 /* WordsFactoryTests */ = {
			isa = PBXNativeTarget;
			buildConfigurationList = 72FA3967273501B40013B093 /* Build configuration list for PBXNativeTarget "WordsFactoryTests" */;
			buildPhases = (
				72FA394C273501B40013B093 /* Sources */,
				72FA394D273501B40013B093 /* Frameworks */,
				72FA394E273501B40013B093 /* Resources */,
			);
			buildRules = (
			);
			dependencies = (
				72FA3952273501B40013B093 /* PBXTargetDependency */,
			);
			name = WordsFactoryTests;
			productName = WordsFactoryTests;
			productReference = 72FA3950273501B40013B093 /* WordsFactoryTests.xctest */;
			productType = "com.apple.product-type.bundle.unit-test";
		};
		72FA3959273501B40013B093 /* WordsFactoryUITests */ = {
			isa = PBXNativeTarget;
			buildConfigurationList = 72FA396A273501B40013B093 /* Build configuration list for PBXNativeTarget "WordsFactoryUITests" */;
			buildPhases = (
				72FA3956273501B40013B093 /* Sources */,
				72FA3957273501B40013B093 /* Frameworks */,
				72FA3958273501B40013B093 /* Resources */,
			);
			buildRules = (
			);
			dependencies = (
				72FA395C273501B40013B093 /* PBXTargetDependency */,
			);
			name = WordsFactoryUITests;
			productName = WordsFactoryUITests;
			productReference = 72FA395A273501B40013B093 /* WordsFactoryUITests.xctest */;
			productType = "com.apple.product-type.bundle.ui-testing";
		};
/* End PBXNativeTarget section */

/* Begin PBXProject section */
		72FA3932273501B20013B093 /* Project object */ = {
			isa = PBXProject;
			attributes = {
				BuildIndependentTargetsInParallel = 1;
				LastSwiftUpdateCheck = 1300;
				LastUpgradeCheck = 1300;
				TargetAttributes = {
					72FA3939273501B20013B093 = {
						CreatedOnToolsVersion = 13.0;
					};
					72FA394F273501B40013B093 = {
						CreatedOnToolsVersion = 13.0;
						TestTargetID = 72FA3939273501B20013B093;
					};
					72FA3959273501B40013B093 = {
						CreatedOnToolsVersion = 13.0;
						TestTargetID = 72FA3939273501B20013B093;
					};
				};
			};
			buildConfigurationList = 72FA3935273501B20013B093 /* Build configuration list for PBXProject "WordsFactory" */;
			compatibilityVersion = "Xcode 13.0";
			developmentRegion = en;
			hasScannedForEncodings = 0;
			knownRegions = (
				en,
				Base,
			);
			mainGroup = 72FA3931273501B20013B093;
			packageReferences = (
				72FA396D273501E70013B093 /* XCRemoteSwiftPackageReference "Alamofire" */,
				72FA3970273502120013B093 /* XCRemoteSwiftPackageReference "PromiseKit" */,
				72FA3973273502220013B093 /* XCRemoteSwiftPackageReference "Kingfisher" */,
				72FA3976273502300013B093 /* XCRemoteSwiftPackageReference "SnapKit" */,
				72FA3979273502460013B093 /* XCRemoteSwiftPackageReference "Charts" */,
				72FA397C2735025A0013B093 /* XCRemoteSwiftPackageReference "MBProgressHUD" */,
				72FA397F273502690013B093 /* XCRemoteSwiftPackageReference "TPKeyboardAvoiding" */,
			);
			productRefGroup = 72FA393B273501B20013B093 /* Products */;
			projectDirPath = "";
			projectRoot = "";
			targets = (
				72FA3939273501B20013B093 /* WordsFactory */,
				72FA394F273501B40013B093 /* WordsFactoryTests */,
				72FA3959273501B40013B093 /* WordsFactoryUITests */,
			);
		};
/* End PBXProject section */

/* Begin PBXResourcesBuildPhase section */
		72FA3938273501B20013B093 /* Resources */ = {
			isa = PBXResourcesBuildPhase;
			buildActionMask = 2147483647;
			files = (
				72FA394A273501B40013B093 /* LaunchScreen.storyboard in Resources */,
				72FA398A2735140E0013B093 /* Rubik-Regular.ttf in Resources */,
				72FA39882735140E0013B093 /* Rubik-Bold.ttf in Resources */,
				72FA3947273501B40013B093 /* Assets.xcassets in Resources */,
				72FA3945273501B20013B093 /* Main.storyboard in Resources */,
				72FA39892735140E0013B093 /* Rubik-Medium.ttf in Resources */,
			);
			runOnlyForDeploymentPostprocessing = 0;
		};
		72FA394E273501B40013B093 /* Resources */ = {
			isa = PBXResourcesBuildPhase;
			buildActionMask = 2147483647;
			files = (
			);
			runOnlyForDeploymentPostprocessing = 0;
		};
		72FA3958273501B40013B093 /* Resources */ = {
			isa = PBXResourcesBuildPhase;
			buildActionMask = 2147483647;
			files = (
			);
			runOnlyForDeploymentPostprocessing = 0;
		};
/* End PBXResourcesBuildPhase section */

/* Begin PBXSourcesBuildPhase section */
		72FA3936273501B20013B093 /* Sources */ = {
			isa = PBXSourcesBuildPhase;
			buildActionMask = 2147483647;
			files = (
				72FA3992273514D70013B093 /* DictionaryViewModel.swift in Sources */,
				72FA39B627352E780013B093 /* TabBarFactory.swift in Sources */,
				72FA39A4273519490013B093 /* Word.swift in Sources */,
				72FA3998273515B70013B093 /* Colors.swift in Sources */,
				72FA3990273514CD0013B093 /* DictionaryViewController.swift in Sources */,
				72FA39A1273519010013B093 /* DictionaryLocalServiceSingletone.swift in Sources */,
				72FA39B927352FDE0013B093 /* VideoViewController.swift in Sources */,
				72FA399A273516FD0013B093 /* TextField.swift in Sources */,
				72FA398C273514350013B093 /* Fonts.swift in Sources */,
				72FA3942273501B20013B093 /* ViewController.swift in Sources */,
				72FA393E273501B20013B093 /* AppDelegate.swift in Sources */,
				72FA399F273518F40013B093 /* DictionaryRemoteServiceSingletone.swift in Sources */,
				72FA39AF2735284E0013B093 /* TabBarView.swift in Sources */,
				72FA399D273518C20013B093 /* DictionaryServiceProxy.swift in Sources */,
				72FA3994273514E90013B093 /* BaseViewController.swift in Sources */,
				72FA39B227352CB40013B093 /* TabBarItemView.swift in Sources */,
				72FA39AB273522520013B093 /* MeaningViewModel.swift in Sources */,
				72FA39AD273524AD0013B093 /* CommonButton.swift in Sources */,
				72FA39BD273530D20013B093 /* VideoViewModel.swift in Sources */,
				72FA39962735151D0013B093 /* DictPlaceholderView.swift in Sources */,
				72FA39B427352D970013B093 /* TabType.swift in Sources */,
				72FA3940273501B20013B093 /* SceneDelegate.swift in Sources */,
				72FA39A62735219C0013B093 /* MeaningView.swift in Sources */,
			);
			runOnlyForDeploymentPostprocessing = 0;
		};
		72FA394C273501B40013B093 /* Sources */ = {
			isa = PBXSourcesBuildPhase;
			buildActionMask = 2147483647;
			files = (
				72FA3955273501B40013B093 /* WordsFactoryTests.swift in Sources */,
			);
			runOnlyForDeploymentPostprocessing = 0;
		};
		72FA3956273501B40013B093 /* Sources */ = {
			isa = PBXSourcesBuildPhase;
			buildActionMask = 2147483647;
			files = (
				72FA395F273501B40013B093 /* WordsFactoryUITests.swift in Sources */,
				72FA3961273501B40013B093 /* WordsFactoryUITestsLaunchTests.swift in Sources */,
			);
			runOnlyForDeploymentPostprocessing = 0;
		};
/* End PBXSourcesBuildPhase section */

/* Begin PBXTargetDependency section */
		72FA3952273501B40013B093 /* PBXTargetDependency */ = {
			isa = PBXTargetDependency;
			target = 72FA3939273501B20013B093 /* WordsFactory */;
			targetProxy = 72FA3951273501B40013B093 /* PBXContainerItemProxy */;
		};
		72FA395C273501B40013B093 /* PBXTargetDependency */ = {
			isa = PBXTargetDependency;
			target = 72FA3939273501B20013B093 /* WordsFactory */;
			targetProxy = 72FA395B273501B40013B093 /* PBXContainerItemProxy */;
		};
/* End PBXTargetDependency section */

/* Begin PBXVariantGroup section */
		72FA3943273501B20013B093 /* Main.storyboard */ = {
			isa = PBXVariantGroup;
			children = (
				72FA3944273501B20013B093 /* Base */,
			);
			name = Main.storyboard;
			sourceTree = "<group>";
		};
		72FA3948273501B40013B093 /* LaunchScreen.storyboard */ = {
			isa = PBXVariantGroup;
			children = (
				72FA3949273501B40013B093 /* Base */,
			);
			name = LaunchScreen.storyboard;
			sourceTree = "<group>";
		};
/* End PBXVariantGroup section */

/* Begin XCBuildConfiguration section */
		72FA3962273501B40013B093 /* Debug */ = {
			isa = XCBuildConfiguration;
			buildSettings = {
				ALWAYS_SEARCH_USER_PATHS = NO;
				CLANG_ANALYZER_NONNULL = YES;
				CLANG_ANALYZER_NUMBER_OBJECT_CONVERSION = YES_AGGRESSIVE;
				CLANG_CXX_LANGUAGE_STANDARD = "gnu++17";
				CLANG_CXX_LIBRARY = "libc++";
				CLANG_ENABLE_MODULES = YES;
				CLANG_ENABLE_OBJC_ARC = YES;
				CLANG_ENABLE_OBJC_WEAK = YES;
				CLANG_WARN_BLOCK_CAPTURE_AUTORELEASING = YES;
				CLANG_WARN_BOOL_CONVERSION = YES;
				CLANG_WARN_COMMA = YES;
				CLANG_WARN_CONSTANT_CONVERSION = YES;
				CLANG_WARN_DEPRECATED_OBJC_IMPLEMENTATIONS = YES;
				CLANG_WARN_DIRECT_OBJC_ISA_USAGE = YES_ERROR;
				CLANG_WARN_DOCUMENTATION_COMMENTS = YES;
				CLANG_WARN_EMPTY_BODY = YES;
				CLANG_WARN_ENUM_CONVERSION = YES;
				CLANG_WARN_INFINITE_RECURSION = YES;
				CLANG_WARN_INT_CONVERSION = YES;
				CLANG_WARN_NON_LITERAL_NULL_CONVERSION = YES;
				CLANG_WARN_OBJC_IMPLICIT_RETAIN_SELF = YES;
				CLANG_WARN_OBJC_LITERAL_CONVERSION = YES;
				CLANG_WARN_OBJC_ROOT_CLASS = YES_ERROR;
				CLANG_WARN_QUOTED_INCLUDE_IN_FRAMEWORK_HEADER = YES;
				CLANG_WARN_RANGE_LOOP_ANALYSIS = YES;
				CLANG_WARN_STRICT_PROTOTYPES = YES;
				CLANG_WARN_SUSPICIOUS_MOVE = YES;
				CLANG_WARN_UNGUARDED_AVAILABILITY = YES_AGGRESSIVE;
				CLANG_WARN_UNREACHABLE_CODE = YES;
				CLANG_WARN__DUPLICATE_METHOD_MATCH = YES;
				COPY_PHASE_STRIP = NO;
				DEBUG_INFORMATION_FORMAT = dwarf;
				ENABLE_STRICT_OBJC_MSGSEND = YES;
				ENABLE_TESTABILITY = YES;
				GCC_C_LANGUAGE_STANDARD = gnu11;
				GCC_DYNAMIC_NO_PIC = NO;
				GCC_NO_COMMON_BLOCKS = YES;
				GCC_OPTIMIZATION_LEVEL = 0;
				GCC_PREPROCESSOR_DEFINITIONS = (
					"DEBUG=1",
					"$(inherited)",
				);
				GCC_WARN_64_TO_32_BIT_CONVERSION = YES;
				GCC_WARN_ABOUT_RETURN_TYPE = YES_ERROR;
				GCC_WARN_UNDECLARED_SELECTOR = YES;
				GCC_WARN_UNINITIALIZED_AUTOS = YES_AGGRESSIVE;
				GCC_WARN_UNUSED_FUNCTION = YES;
				GCC_WARN_UNUSED_VARIABLE = YES;
				IPHONEOS_DEPLOYMENT_TARGET = 15.0;
				MTL_ENABLE_DEBUG_INFO = INCLUDE_SOURCE;
				MTL_FAST_MATH = YES;
				ONLY_ACTIVE_ARCH = YES;
				SDKROOT = iphoneos;
				SWIFT_ACTIVE_COMPILATION_CONDITIONS = DEBUG;
				SWIFT_OPTIMIZATION_LEVEL = "-Onone";
			};
			name = Debug;
		};
		72FA3963273501B40013B093 /* Release */ = {
			isa = XCBuildConfiguration;
			buildSettings = {
				ALWAYS_SEARCH_USER_PATHS = NO;
				CLANG_ANALYZER_NONNULL = YES;
				CLANG_ANALYZER_NUMBER_OBJECT_CONVERSION = YES_AGGRESSIVE;
				CLANG_CXX_LANGUAGE_STANDARD = "gnu++17";
				CLANG_CXX_LIBRARY = "libc++";
				CLANG_ENABLE_MODULES = YES;
				CLANG_ENABLE_OBJC_ARC = YES;
				CLANG_ENABLE_OBJC_WEAK = YES;
				CLANG_WARN_BLOCK_CAPTURE_AUTORELEASING = YES;
				CLANG_WARN_BOOL_CONVERSION = YES;
				CLANG_WARN_COMMA = YES;
				CLANG_WARN_CONSTANT_CONVERSION = YES;
				CLANG_WARN_DEPRECATED_OBJC_IMPLEMENTATIONS = YES;
				CLANG_WARN_DIRECT_OBJC_ISA_USAGE = YES_ERROR;
				CLANG_WARN_DOCUMENTATION_COMMENTS = YES;
				CLANG_WARN_EMPTY_BODY = YES;
				CLANG_WARN_ENUM_CONVERSION = YES;
				CLANG_WARN_INFINITE_RECURSION = YES;
				CLANG_WARN_INT_CONVERSION = YES;
				CLANG_WARN_NON_LITERAL_NULL_CONVERSION = YES;
				CLANG_WARN_OBJC_IMPLICIT_RETAIN_SELF = YES;
				CLANG_WARN_OBJC_LITERAL_CONVERSION = YES;
				CLANG_WARN_OBJC_ROOT_CLASS = YES_ERROR;
				CLANG_WARN_QUOTED_INCLUDE_IN_FRAMEWORK_HEADER = YES;
				CLANG_WARN_RANGE_LOOP_ANALYSIS = YES;
				CLANG_WARN_STRICT_PROTOTYPES = YES;
				CLANG_WARN_SUSPICIOUS_MOVE = YES;
				CLANG_WARN_UNGUARDED_AVAILABILITY = YES_AGGRESSIVE;
				CLANG_WARN_UNREACHABLE_CODE = YES;
				CLANG_WARN__DUPLICATE_METHOD_MATCH = YES;
				COPY_PHASE_STRIP = NO;
				DEBUG_INFORMATION_FORMAT = "dwarf-with-dsym";
				ENABLE_NS_ASSERTIONS = NO;
				ENABLE_STRICT_OBJC_MSGSEND = YES;
				GCC_C_LANGUAGE_STANDARD = gnu11;
				GCC_NO_COMMON_BLOCKS = YES;
				GCC_WARN_64_TO_32_BIT_CONVERSION = YES;
				GCC_WARN_ABOUT_RETURN_TYPE = YES_ERROR;
				GCC_WARN_UNDECLARED_SELECTOR = YES;
				GCC_WARN_UNINITIALIZED_AUTOS = YES_AGGRESSIVE;
				GCC_WARN_UNUSED_FUNCTION = YES;
				GCC_WARN_UNUSED_VARIABLE = YES;
				IPHONEOS_DEPLOYMENT_TARGET = 15.0;
				MTL_ENABLE_DEBUG_INFO = NO;
				MTL_FAST_MATH = YES;
				SDKROOT = iphoneos;
				SWIFT_COMPILATION_MODE = wholemodule;
				SWIFT_OPTIMIZATION_LEVEL = "-O";
				VALIDATE_PRODUCT = YES;
			};
			name = Release;
		};
		72FA3965273501B40013B093 /* Debug */ = {
			isa = XCBuildConfiguration;
			buildSettings = {
				ASSETCATALOG_COMPILER_APPICON_NAME = AppIcon;
				ASSETCATALOG_COMPILER_GLOBAL_ACCENT_COLOR_NAME = AccentColor;
				CODE_SIGN_STYLE = Automatic;
				CURRENT_PROJECT_VERSION = 1;
				DEVELOPMENT_TEAM = T5T228SHK5;
				GENERATE_INFOPLIST_FILE = YES;
				INFOPLIST_FILE = WordsFactory/Info.plist;
				INFOPLIST_KEY_UIApplicationSupportsIndirectInputEvents = YES;
				INFOPLIST_KEY_UILaunchStoryboardName = LaunchScreen;
				INFOPLIST_KEY_UIMainStoryboardFile = Main;
				INFOPLIST_KEY_UISupportedInterfaceOrientations_iPad = "UIInterfaceOrientationPortrait UIInterfaceOrientationPortraitUpsideDown UIInterfaceOrientationLandscapeLeft UIInterfaceOrientationLandscapeRight";
				INFOPLIST_KEY_UISupportedInterfaceOrientations_iPhone = "UIInterfaceOrientationPortrait UIInterfaceOrientationLandscapeLeft UIInterfaceOrientationLandscapeRight";
				LD_RUNPATH_SEARCH_PATHS = (
					"$(inherited)",
					"@executable_path/Frameworks",
				);
				MARKETING_VERSION = 1.0;
				PRODUCT_BUNDLE_IDENTIFIER = com.tsustudy.WordsFactory;
				PRODUCT_NAME = "$(TARGET_NAME)";
				SWIFT_EMIT_LOC_STRINGS = YES;
				SWIFT_VERSION = 5.0;
				TARGETED_DEVICE_FAMILY = "1,2";
			};
			name = Debug;
		};
		72FA3966273501B40013B093 /* Release */ = {
			isa = XCBuildConfiguration;
			buildSettings = {
				ASSETCATALOG_COMPILER_APPICON_NAME = AppIcon;
				ASSETCATALOG_COMPILER_GLOBAL_ACCENT_COLOR_NAME = AccentColor;
				CODE_SIGN_STYLE = Automatic;
				CURRENT_PROJECT_VERSION = 1;
				DEVELOPMENT_TEAM = T5T228SHK5;
				GENERATE_INFOPLIST_FILE = YES;
				INFOPLIST_FILE = WordsFactory/Info.plist;
				INFOPLIST_KEY_UIApplicationSupportsIndirectInputEvents = YES;
				INFOPLIST_KEY_UILaunchStoryboardName = LaunchScreen;
				INFOPLIST_KEY_UIMainStoryboardFile = Main;
				INFOPLIST_KEY_UISupportedInterfaceOrientations_iPad = "UIInterfaceOrientationPortrait UIInterfaceOrientationPortraitUpsideDown UIInterfaceOrientationLandscapeLeft UIInterfaceOrientationLandscapeRight";
				INFOPLIST_KEY_UISupportedInterfaceOrientations_iPhone = "UIInterfaceOrientationPortrait UIInterfaceOrientationLandscapeLeft UIInterfaceOrientationLandscapeRight";
				LD_RUNPATH_SEARCH_PATHS = (
					"$(inherited)",
					"@executable_path/Frameworks",
				);
				MARKETING_VERSION = 1.0;
				PRODUCT_BUNDLE_IDENTIFIER = com.tsustudy.WordsFactory;
				PRODUCT_NAME = "$(TARGET_NAME)";
				SWIFT_EMIT_LOC_STRINGS = YES;
				SWIFT_VERSION = 5.0;
				TARGETED_DEVICE_FAMILY = "1,2";
			};
			name = Release;
		};
		72FA3968273501B40013B093 /* Debug */ = {
			isa = XCBuildConfiguration;
			buildSettings = {
				ALWAYS_EMBED_SWIFT_STANDARD_LIBRARIES = YES;
				BUNDLE_LOADER = "$(TEST_HOST)";
				CODE_SIGN_STYLE = Automatic;
				CURRENT_PROJECT_VERSION = 1;
				DEVELOPMENT_TEAM = T5T228SHK5;
				GENERATE_INFOPLIST_FILE = YES;
				IPHONEOS_DEPLOYMENT_TARGET = 15.0;
				LD_RUNPATH_SEARCH_PATHS = (
					"$(inherited)",
					"@executable_path/Frameworks",
					"@loader_path/Frameworks",
				);
				MARKETING_VERSION = 1.0;
				PRODUCT_BUNDLE_IDENTIFIER = com.tsustudy.WordsFactoryTests;
				PRODUCT_NAME = "$(TARGET_NAME)";
				SWIFT_EMIT_LOC_STRINGS = NO;
				SWIFT_VERSION = 5.0;
				TARGETED_DEVICE_FAMILY = "1,2";
				TEST_HOST = "$(BUILT_PRODUCTS_DIR)/WordsFactory.app/WordsFactory";
			};
			name = Debug;
		};
		72FA3969273501B40013B093 /* Release */ = {
			isa = XCBuildConfiguration;
			buildSettings = {
				ALWAYS_EMBED_SWIFT_STANDARD_LIBRARIES = YES;
				BUNDLE_LOADER = "$(TEST_HOST)";
				CODE_SIGN_STYLE = Automatic;
				CURRENT_PROJECT_VERSION = 1;
				DEVELOPMENT_TEAM = T5T228SHK5;
				GENERATE_INFOPLIST_FILE = YES;
				IPHONEOS_DEPLOYMENT_TARGET = 15.0;
				LD_RUNPATH_SEARCH_PATHS = (
					"$(inherited)",
					"@executable_path/Frameworks",
					"@loader_path/Frameworks",
				);
				MARKETING_VERSION = 1.0;
				PRODUCT_BUNDLE_IDENTIFIER = com.tsustudy.WordsFactoryTests;
				PRODUCT_NAME = "$(TARGET_NAME)";
				SWIFT_EMIT_LOC_STRINGS = NO;
				SWIFT_VERSION = 5.0;
				TARGETED_DEVICE_FAMILY = "1,2";
				TEST_HOST = "$(BUILT_PRODUCTS_DIR)/WordsFactory.app/WordsFactory";
			};
			name = Release;
		};
		72FA396B273501B40013B093 /* Debug */ = {
			isa = XCBuildConfiguration;
			buildSettings = {
				ALWAYS_EMBED_SWIFT_STANDARD_LIBRARIES = YES;
				CODE_SIGN_STYLE = Automatic;
				CURRENT_PROJECT_VERSION = 1;
				DEVELOPMENT_TEAM = T5T228SHK5;
				GENERATE_INFOPLIST_FILE = YES;
				LD_RUNPATH_SEARCH_PATHS = (
					"$(inherited)",
					"@executable_path/Frameworks",
					"@loader_path/Frameworks",
				);
				MARKETING_VERSION = 1.0;
				PRODUCT_BUNDLE_IDENTIFIER = com.tsustudy.WordsFactoryUITests;
				PRODUCT_NAME = "$(TARGET_NAME)";
				SWIFT_EMIT_LOC_STRINGS = NO;
				SWIFT_VERSION = 5.0;
				TARGETED_DEVICE_FAMILY = "1,2";
				TEST_TARGET_NAME = WordsFactory;
			};
			name = Debug;
		};
		72FA396C273501B40013B093 /* Release */ = {
			isa = XCBuildConfiguration;
			buildSettings = {
				ALWAYS_EMBED_SWIFT_STANDARD_LIBRARIES = YES;
				CODE_SIGN_STYLE = Automatic;
				CURRENT_PROJECT_VERSION = 1;
				DEVELOPMENT_TEAM = T5T228SHK5;
				GENERATE_INFOPLIST_FILE = YES;
				LD_RUNPATH_SEARCH_PATHS = (
					"$(inherited)",
					"@executable_path/Frameworks",
					"@loader_path/Frameworks",
				);
				MARKETING_VERSION = 1.0;
				PRODUCT_BUNDLE_IDENTIFIER = com.tsustudy.WordsFactoryUITests;
				PRODUCT_NAME = "$(TARGET_NAME)";
				SWIFT_EMIT_LOC_STRINGS = NO;
				SWIFT_VERSION = 5.0;
				TARGETED_DEVICE_FAMILY = "1,2";
				TEST_TARGET_NAME = WordsFactory;
			};
			name = Release;
		};
/* End XCBuildConfiguration section */

/* Begin XCConfigurationList section */
		72FA3935273501B20013B093 /* Build configuration list for PBXProject "WordsFactory" */ = {
			isa = XCConfigurationList;
			buildConfigurations = (
				72FA3962273501B40013B093 /* Debug */,
				72FA3963273501B40013B093 /* Release */,
			);
			defaultConfigurationIsVisible = 0;
			defaultConfigurationName = Release;
		};
		72FA3964273501B40013B093 /* Build configuration list for PBXNativeTarget "WordsFactory" */ = {
			isa = XCConfigurationList;
			buildConfigurations = (
				72FA3965273501B40013B093 /* Debug */,
				72FA3966273501B40013B093 /* Release */,
			);
			defaultConfigurationIsVisible = 0;
			defaultConfigurationName = Release;
		};
		72FA3967273501B40013B093 /* Build configuration list for PBXNativeTarget "WordsFactoryTests" */ = {
			isa = XCConfigurationList;
			buildConfigurations = (
				72FA3968273501B40013B093 /* Debug */,
				72FA3969273501B40013B093 /* Release */,
			);
			defaultConfigurationIsVisible = 0;
			defaultConfigurationName = Release;
		};
		72FA396A273501B40013B093 /* Build configuration list for PBXNativeTarget "WordsFactoryUITests" */ = {
			isa = XCConfigurationList;
			buildConfigurations = (
				72FA396B273501B40013B093 /* Debug */,
				72FA396C273501B40013B093 /* Release */,
			);
			defaultConfigurationIsVisible = 0;
			defaultConfigurationName = Release;
		};
/* End XCConfigurationList section */

/* Begin XCRemoteSwiftPackageReference section */
		72FA396D273501E70013B093 /* XCRemoteSwiftPackageReference "Alamofire" */ = {
			isa = XCRemoteSwiftPackageReference;
			repositoryURL = "https://github.com/Alamofire/Alamofire";
			requirement = {
				kind = upToNextMajorVersion;
				minimumVersion = 5.0.0;
			};
		};
		72FA3970273502120013B093 /* XCRemoteSwiftPackageReference "PromiseKit" */ = {
			isa = XCRemoteSwiftPackageReference;
			repositoryURL = "https://github.com/mxcl/PromiseKit";
			requirement = {
				branch = v6;
				kind = branch;
			};
		};
		72FA3973273502220013B093 /* XCRemoteSwiftPackageReference "Kingfisher" */ = {
			isa = XCRemoteSwiftPackageReference;
			repositoryURL = "https://github.com/onevcat/Kingfisher";
			requirement = {
				kind = upToNextMajorVersion;
				minimumVersion = 7.0.0;
			};
		};
		72FA3976273502300013B093 /* XCRemoteSwiftPackageReference "SnapKit" */ = {
			isa = XCRemoteSwiftPackageReference;
			repositoryURL = "https://github.com/SnapKit/SnapKit";
			requirement = {
				kind = upToNextMajorVersion;
				minimumVersion = 5.0.0;
			};
		};
		72FA3979273502460013B093 /* XCRemoteSwiftPackageReference "Charts" */ = {
			isa = XCRemoteSwiftPackageReference;
			repositoryURL = "https://github.com/danielgindi/Charts";
			requirement = {
				kind = upToNextMajorVersion;
				minimumVersion = 4.0.0;
			};
		};
		72FA397C2735025A0013B093 /* XCRemoteSwiftPackageReference "MBProgressHUD" */ = {
			isa = XCRemoteSwiftPackageReference;
			repositoryURL = "https://github.com/jdg/MBProgressHUD";
			requirement = {
				kind = upToNextMajorVersion;
				minimumVersion = 1.0.0;
			};
		};
		72FA397F273502690013B093 /* XCRemoteSwiftPackageReference "TPKeyboardAvoiding" */ = {
			isa = XCRemoteSwiftPackageReference;
			repositoryURL = "https://github.com/michaeltyson/TPKeyboardAvoiding";
			requirement = {
				kind = upToNextMajorVersion;
				minimumVersion = 1.0.0;
			};
		};
/* End XCRemoteSwiftPackageReference section */

/* Begin XCSwiftPackageProductDependency section */
		72FA396E273501E70013B093 /* Alamofire */ = {
			isa = XCSwiftPackageProductDependency;
			package = 72FA396D273501E70013B093 /* XCRemoteSwiftPackageReference "Alamofire" */;
			productName = Alamofire;
		};
		72FA3971273502120013B093 /* PromiseKit */ = {
			isa = XCSwiftPackageProductDependency;
			package = 72FA3970273502120013B093 /* XCRemoteSwiftPackageReference "PromiseKit" */;
			productName = PromiseKit;
		};
		72FA3974273502220013B093 /* Kingfisher */ = {
			isa = XCSwiftPackageProductDependency;
			package = 72FA3973273502220013B093 /* XCRemoteSwiftPackageReference "Kingfisher" */;
			productName = Kingfisher;
		};
		72FA3977273502300013B093 /* SnapKit */ = {
			isa = XCSwiftPackageProductDependency;
			package = 72FA3976273502300013B093 /* XCRemoteSwiftPackageReference "SnapKit" */;
			productName = SnapKit;
		};
		72FA397A273502460013B093 /* Charts */ = {
			isa = XCSwiftPackageProductDependency;
			package = 72FA3979273502460013B093 /* XCRemoteSwiftPackageReference "Charts" */;
			productName = Charts;
		};
		72FA397D2735025A0013B093 /* MBProgressHUD */ = {
			isa = XCSwiftPackageProductDependency;
			package = 72FA397C2735025A0013B093 /* XCRemoteSwiftPackageReference "MBProgressHUD" */;
			productName = MBProgressHUD;
		};
		72FA3980273502690013B093 /* TPKeyboardAvoiding */ = {
			isa = XCSwiftPackageProductDependency;
			package = 72FA397F273502690013B093 /* XCRemoteSwiftPackageReference "TPKeyboardAvoiding" */;
			productName = TPKeyboardAvoiding;
		};
/* End XCSwiftPackageProductDependency section */
	};
	rootObject = 72FA3932273501B20013B093 /* Project object */;
}
